// !$*UTF8*$!
{
	archiveVersion = 1;
	classes = {
	};
	objectVersion = 52;
	objects = {

/* Begin PBXBuildFile section */
		10EDAFC12550A8DE009FDA96 /* SettingsView.swift in Sources */ = {isa = PBXBuildFile; fileRef = 10EDAFC02550A8DE009FDA96 /* SettingsView.swift */; };
		69464CEF618A390A997068B8 /* Pods_LISKit.framework in Frameworks */ = {isa = PBXBuildFile; fileRef = 7B6C57E8DD14B7732B893BEF /* Pods_LISKit.framework */; };
		737DCD682A2697F51E3FAA1F /* Pods_LISManager.framework in Frameworks */ = {isa = PBXBuildFile; fileRef = A01ED7C5E4182572B8B07026 /* Pods_LISManager.framework */; };
		8752770672A02E6BC063C095 /* Pods_LISKitTests.framework in Frameworks */ = {isa = PBXBuildFile; fileRef = 0C92DEA4ECA473E5B6347463 /* Pods_LISKitTests.framework */; };
		9102B0C714D651D3AF3C1F1C /* Pods_LISManagerTests.framework in Frameworks */ = {isa = PBXBuildFile; fileRef = 8C7B4A69E9FD40422B1B0422 /* Pods_LISManagerTests.framework */; };
		EAEFC289ED31A640013A1032 /* Pods_LISManager_LISManagerUITests.framework in Frameworks */ = {isa = PBXBuildFile; fileRef = 9DAB3A002BCFBAA31E444A77 /* Pods_LISManager_LISManagerUITests.framework */; };
		EB18F8D02547391A00745A59 /* TestFlowView.swift in Sources */ = {isa = PBXBuildFile; fileRef = EB18F8CF2547391A00745A59 /* TestFlowView.swift */; };
		EB18F8D52547472700745A59 /* InitialTestFlowView.swift in Sources */ = {isa = PBXBuildFile; fileRef = EB18F8D42547472700745A59 /* InitialTestFlowView.swift */; };
		EB18F8DD2547473700745A59 /* SampleScanView.swift in Sources */ = {isa = PBXBuildFile; fileRef = EB18F8DC2547473700745A59 /* SampleScanView.swift */; };
		EB18F8EA2547476800745A59 /* PatientBarcodeView.swift in Sources */ = {isa = PBXBuildFile; fileRef = EB18F8E92547476800745A59 /* PatientBarcodeView.swift */; };
		EB18F8F72547477D00745A59 /* SampleBarcodeView.swift in Sources */ = {isa = PBXBuildFile; fileRef = EB18F8F62547477D00745A59 /* SampleBarcodeView.swift */; };
		EB18F8FC2547479500745A59 /* FinishTestFlowView.swift in Sources */ = {isa = PBXBuildFile; fileRef = EB18F8FB2547479500745A59 /* FinishTestFlowView.swift */; };
		EB18F9012547624800745A59 /* CoreDataDeviceRepository.swift in Sources */ = {isa = PBXBuildFile; fileRef = EB18F9002547624800745A59 /* CoreDataDeviceRepository.swift */; };
		EB2297B72542279D002332AB /* OrderView.swift in Sources */ = {isa = PBXBuildFile; fileRef = EB2297B62542279D002332AB /* OrderView.swift */; };
		EB2297C025422998002332AB /* OrderCellView.swift in Sources */ = {isa = PBXBuildFile; fileRef = EB2297BF25422998002332AB /* OrderCellView.swift */; };
		EB2297D82543156C002332AB /* TimerView.swift in Sources */ = {isa = PBXBuildFile; fileRef = EB2297D72543156C002332AB /* TimerView.swift */; };
		EB3D3302253F68AF000F5A84 /* test_result_generated.swift in Sources */ = {isa = PBXBuildFile; fileRef = EB3D3301253F68AF000F5A84 /* test_result_generated.swift */; };
		EB3D3307253F7D97000F5A84 /* Protocols+Extensions.swift in Sources */ = {isa = PBXBuildFile; fileRef = EB3D3306253F7D97000F5A84 /* Protocols+Extensions.swift */; };
		EB3D330C253F7E45000F5A84 /* ResultRow.swift in Sources */ = {isa = PBXBuildFile; fileRef = EB3D330B253F7E45000F5A84 /* ResultRow.swift */; };
		EB3D3319253F86E1000F5A84 /* ResultDetailView.swift in Sources */ = {isa = PBXBuildFile; fileRef = EB3D3318253F86E1000F5A84 /* ResultDetailView.swift */; };
		EB45ACBD253F2E9D00EC2D64 /* ResultsView.swift in Sources */ = {isa = PBXBuildFile; fileRef = EB45ACBC253F2E9D00EC2D64 /* ResultsView.swift */; };
		EB5D3427253DEB990076E30B /* (null) in Embed Frameworks */ = {isa = PBXBuildFile; settings = {ATTRIBUTES = (CodeSignOnCopy, RemoveHeadersOnCopy, ); }; };
		EB6331FE2541E770002FFA25 /* PatientDetailView.swift in Sources */ = {isa = PBXBuildFile; fileRef = EB6331FD2541E770002FFA25 /* PatientDetailView.swift */; };
		EB6332082541E7C7002FFA25 /* InitialsView.swift in Sources */ = {isa = PBXBuildFile; fileRef = EB6332072541E7C7002FFA25 /* InitialsView.swift */; };
		EB6332102541EA00002FFA25 /* PersonHeader.swift in Sources */ = {isa = PBXBuildFile; fileRef = EB63320F2541EA00002FFA25 /* PersonHeader.swift */; };
		EB6332152541EB68002FFA25 /* PatientEntity+Extensions.swift in Sources */ = {isa = PBXBuildFile; fileRef = EB6332142541EB68002FFA25 /* PatientEntity+Extensions.swift */; };
		EB6332252541EFBF002FFA25 /* QRCodeView.swift in Sources */ = {isa = PBXBuildFile; fileRef = EB6332242541EFBE002FFA25 /* QRCodeView.swift */; };
		EB71A1C8253E73CD0079F73A /* LISKit.xcdatamodeld in Sources */ = {isa = PBXBuildFile; fileRef = EB71A1C6253E73CD0079F73A /* LISKit.xcdatamodeld */; };
		EB71A1CE253E74E00079F73A /* ConnectionStatus.swift in Sources */ = {isa = PBXBuildFile; fileRef = EB71A1CD253E74E00079F73A /* ConnectionStatus.swift */; };
		EB71A1DE253E76E30079F73A /* LISDeviceEntity+ConnectionStatus.swift in Sources */ = {isa = PBXBuildFile; fileRef = EB71A1DD253E76E30079F73A /* LISDeviceEntity+ConnectionStatus.swift */; };
		EB7B8BE8253EEDF60040B56E /* DeviceRepository.swift in Sources */ = {isa = PBXBuildFile; fileRef = EB7B8BE7253EEDF60040B56E /* DeviceRepository.swift */; };
		EB7B8BED253EEE660040B56E /* MemoryDeviceRepository.swift in Sources */ = {isa = PBXBuildFile; fileRef = EB7B8BEC253EEE660040B56E /* MemoryDeviceRepository.swift */; };
		EB856FD72541B9D2008996F6 /* PatientAddView.swift in Sources */ = {isa = PBXBuildFile; fileRef = EB856FD62541B9D2008996F6 /* PatientAddView.swift */; };
		EB856FDF2541B9F8008996F6 /* PatientAddModel.swift in Sources */ = {isa = PBXBuildFile; fileRef = EB856FDE2541B9F8008996F6 /* PatientAddModel.swift */; };
		EB856FEF2541C4BA008996F6 /* PatientAddTests.swift in Sources */ = {isa = PBXBuildFile; fileRef = EB856FEE2541C4BA008996F6 /* PatientAddTests.swift */; };
		EB9B788A253DF8C100FCAB10 /* LocationInformationViewModel.swift in Sources */ = {isa = PBXBuildFile; fileRef = EB9B7889253DF8C100FCAB10 /* LocationInformationViewModel.swift */; };
		EB9B7890253DF95100FCAB10 /* FormValidationHelpers.swift in Sources */ = {isa = PBXBuildFile; fileRef = EB9B788F253DF95100FCAB10 /* FormValidationHelpers.swift */; };
		EB9B7896253E026900FCAB10 /* MainView.swift in Sources */ = {isa = PBXBuildFile; fileRef = EB9B7895253E026900FCAB10 /* MainView.swift */; };
		EB9B78A6253E047600FCAB10 /* DevicesView.swift in Sources */ = {isa = PBXBuildFile; fileRef = EB9B78A5253E047600FCAB10 /* DevicesView.swift */; };
		EB9B78AB253E048400FCAB10 /* LISKit.framework in Frameworks */ = {isa = PBXBuildFile; fileRef = EBA78C72253D0B100007B23C /* LISKit.framework */; };
		EB9B78AC253E048400FCAB10 /* LISKit.framework in Embed Frameworks */ = {isa = PBXBuildFile; fileRef = EBA78C72253D0B100007B23C /* LISKit.framework */; settings = {ATTRIBUTES = (CodeSignOnCopy, RemoveHeadersOnCopy, ); }; };
		EB9B78B7253E062C00FCAB10 /* BluetoothDevice.swift in Sources */ = {isa = PBXBuildFile; fileRef = EB9B78B6253E062C00FCAB10 /* BluetoothDevice.swift */; };
		EB9B78BD253E06D000FCAB10 /* DeviceRow.swift in Sources */ = {isa = PBXBuildFile; fileRef = EB9B78BC253E06D000FCAB10 /* DeviceRow.swift */; };
		EB9B78C5253E0CE700FCAB10 /* DeviceAddView.swift in Sources */ = {isa = PBXBuildFile; fileRef = EB9B78C4253E0CE700FCAB10 /* DeviceAddView.swift */; };
		EBA78C7B253D0B100007B23C /* LISKit.framework in Frameworks */ = {isa = PBXBuildFile; fileRef = EBA78C72253D0B100007B23C /* LISKit.framework */; };
		EBA78C80253D0B100007B23C /* LISKitTests.swift in Sources */ = {isa = PBXBuildFile; fileRef = EBA78C7F253D0B100007B23C /* LISKitTests.swift */; };
		EBA78C82253D0B100007B23C /* LISKit.h in Headers */ = {isa = PBXBuildFile; fileRef = EBA78C74253D0B100007B23C /* LISKit.h */; settings = {ATTRIBUTES = (Public, ); }; };
		EBA78CB6253D0C240007B23C /* BluetoothManager.swift in Sources */ = {isa = PBXBuildFile; fileRef = EBA78CB5253D0C240007B23C /* BluetoothManager.swift */; };
		EBAFE43C253A114200BF8868 /* AppDelegate.swift in Sources */ = {isa = PBXBuildFile; fileRef = EBAFE43B253A114200BF8868 /* AppDelegate.swift */; };
		EBAFE43E253A114200BF8868 /* SceneDelegate.swift in Sources */ = {isa = PBXBuildFile; fileRef = EBAFE43D253A114200BF8868 /* SceneDelegate.swift */; };
		EBAFE440253A114200BF8868 /* ContentView.swift in Sources */ = {isa = PBXBuildFile; fileRef = EBAFE43F253A114200BF8868 /* ContentView.swift */; };
		EBAFE443253A114200BF8868 /* LISManager.xcdatamodeld in Sources */ = {isa = PBXBuildFile; fileRef = EBAFE441253A114200BF8868 /* LISManager.xcdatamodeld */; };
		EBAFE445253A114500BF8868 /* Assets.xcassets in Resources */ = {isa = PBXBuildFile; fileRef = EBAFE444253A114500BF8868 /* Assets.xcassets */; };
		EBAFE448253A114500BF8868 /* Preview Assets.xcassets in Resources */ = {isa = PBXBuildFile; fileRef = EBAFE447253A114500BF8868 /* Preview Assets.xcassets */; };
		EBAFE44B253A114500BF8868 /* LaunchScreen.storyboard in Resources */ = {isa = PBXBuildFile; fileRef = EBAFE449253A114500BF8868 /* LaunchScreen.storyboard */; };
		EBAFE456253A114500BF8868 /* LISManagerTests.swift in Sources */ = {isa = PBXBuildFile; fileRef = EBAFE455253A114500BF8868 /* LISManagerTests.swift */; };
		EBAFE461253A114500BF8868 /* LISManagerUITests.swift in Sources */ = {isa = PBXBuildFile; fileRef = EBAFE460253A114500BF8868 /* LISManagerUITests.swift */; };
		EBAFE47E253A136700BF8868 /* PreferencesManager.swift in Sources */ = {isa = PBXBuildFile; fileRef = EBAFE47D253A136700BF8868 /* PreferencesManager.swift */; };
		EBAFE487253A152E00BF8868 /* MainOnboardingView.swift in Sources */ = {isa = PBXBuildFile; fileRef = EBAFE486253A152E00BF8868 /* MainOnboardingView.swift */; };
		EBAFE48F253A158B00BF8868 /* InitialOnboardingView.swift in Sources */ = {isa = PBXBuildFile; fileRef = EBAFE48E253A158B00BF8868 /* InitialOnboardingView.swift */; };
		EBAFE495253A161200BF8868 /* FullscreenButton.swift in Sources */ = {isa = PBXBuildFile; fileRef = EBAFE494253A161200BF8868 /* FullscreenButton.swift */; };
		EBAFE49D253A166A00BF8868 /* ActivityIndicator.swift in Sources */ = {isa = PBXBuildFile; fileRef = EBAFE49C253A166A00BF8868 /* ActivityIndicator.swift */; };
		EBAFE4A2253A1A3600BF8868 /* LocationInformation.swift in Sources */ = {isa = PBXBuildFile; fileRef = EBAFE4A1253A1A3600BF8868 /* LocationInformation.swift */; };
		EBAFE4A7253A1B7900BF8868 /* LocationManager.swift in Sources */ = {isa = PBXBuildFile; fileRef = EBAFE4A6253A1B7900BF8868 /* LocationManager.swift */; };
		EBB5D8A7253F24F800F87A04 /* echo_generated.swift in Sources */ = {isa = PBXBuildFile; fileRef = EBB5D8A6253F24F800F87A04 /* echo_generated.swift */; };
		EBC5DD10254350E800637D42 /* ResultsManager.swift in Sources */ = {isa = PBXBuildFile; fileRef = EBC5DD0F254350E800637D42 /* ResultsManager.swift */; };
		EBC76EA4254857B000D0B4B8 /* DeviceEntity+Extensions.swift in Sources */ = {isa = PBXBuildFile; fileRef = EBC76EA3254857B000D0B4B8 /* DeviceEntity+Extensions.swift */; };
		EBC76EC425489F0700D0B4B8 /* TimePicker.swift in Sources */ = {isa = PBXBuildFile; fileRef = EBC76EC325489F0700D0B4B8 /* TimePicker.swift */; };
		EBC76EC92548A12800D0B4B8 /* TestFlowModel.swift in Sources */ = {isa = PBXBuildFile; fileRef = EBC76EC82548A12800D0B4B8 /* TestFlowModel.swift */; };
		EBD24E112540CC42002A3E15 /* FormReader.swift in Sources */ = {isa = PBXBuildFile; fileRef = EBD24E102540CC42002A3E15 /* FormReader.swift */; };
		EBD24E162540CD8C002A3E15 /* TestAssets.xcassets in Resources */ = {isa = PBXBuildFile; fileRef = EBD24E152540CD8C002A3E15 /* TestAssets.xcassets */; };
		EBDC8C2125409E5A00D69DAD /* PatientListView.swift in Sources */ = {isa = PBXBuildFile; fileRef = EBDC8C2025409E5A00D69DAD /* PatientListView.swift */; };
		EBDC8C2725409E8300D69DAD /* BarcodeScanner.swift in Sources */ = {isa = PBXBuildFile; fileRef = EBDC8C2625409E8300D69DAD /* BarcodeScanner.swift */; };
		EBDC8C2F25409F7800D69DAD /* CameraViewController.swift in Sources */ = {isa = PBXBuildFile; fileRef = EBDC8C2E25409F7800D69DAD /* CameraViewController.swift */; };
/* End PBXBuildFile section */

/* Begin PBXContainerItemProxy section */
		EB9B78AD253E048400FCAB10 /* PBXContainerItemProxy */ = {
			isa = PBXContainerItemProxy;
			containerPortal = EBAFE430253A114200BF8868 /* Project object */;
			proxyType = 1;
			remoteGlobalIDString = EBA78C71253D0B100007B23C;
			remoteInfo = LISKit;
		};
		EBA78C7C253D0B100007B23C /* PBXContainerItemProxy */ = {
			isa = PBXContainerItemProxy;
			containerPortal = EBAFE430253A114200BF8868 /* Project object */;
			proxyType = 1;
			remoteGlobalIDString = EBA78C71253D0B100007B23C;
			remoteInfo = LISKit;
		};
		EBAFE452253A114500BF8868 /* PBXContainerItemProxy */ = {
			isa = PBXContainerItemProxy;
			containerPortal = EBAFE430253A114200BF8868 /* Project object */;
			proxyType = 1;
			remoteGlobalIDString = EBAFE437253A114200BF8868;
			remoteInfo = LISManager;
		};
		EBAFE45D253A114500BF8868 /* PBXContainerItemProxy */ = {
			isa = PBXContainerItemProxy;
			containerPortal = EBAFE430253A114200BF8868 /* Project object */;
			proxyType = 1;
			remoteGlobalIDString = EBAFE437253A114200BF8868;
			remoteInfo = LISManager;
		};
/* End PBXContainerItemProxy section */

/* Begin PBXCopyFilesBuildPhase section */
		EB41DC1B253DE70300248B1B /* Embed Frameworks */ = {
			isa = PBXCopyFilesBuildPhase;
			buildActionMask = 2147483647;
			dstPath = "";
			dstSubfolderSpec = 10;
			files = (
				EB5D3427253DEB990076E30B /* (null) in Embed Frameworks */,
			);
			name = "Embed Frameworks";
			runOnlyForDeploymentPostprocessing = 0;
		};
		EB9B78AF253E048400FCAB10 /* Embed Frameworks */ = {
			isa = PBXCopyFilesBuildPhase;
			buildActionMask = 2147483647;
			dstPath = "";
			dstSubfolderSpec = 10;
			files = (
				EB9B78AC253E048400FCAB10 /* LISKit.framework in Embed Frameworks */,
			);
			name = "Embed Frameworks";
			runOnlyForDeploymentPostprocessing = 0;
		};
/* End PBXCopyFilesBuildPhase section */

/* Begin PBXFileReference section */
		01C8FCA30DF5080D239F9865 /* Pods-LISManager.release.xcconfig */ = {isa = PBXFileReference; includeInIndex = 1; lastKnownFileType = text.xcconfig; name = "Pods-LISManager.release.xcconfig"; path = "Target Support Files/Pods-LISManager/Pods-LISManager.release.xcconfig"; sourceTree = "<group>"; };
		0683FBFC155649207EA722C1 /* Pods-LISKitTests.release.xcconfig */ = {isa = PBXFileReference; includeInIndex = 1; lastKnownFileType = text.xcconfig; name = "Pods-LISKitTests.release.xcconfig"; path = "Target Support Files/Pods-LISKitTests/Pods-LISKitTests.release.xcconfig"; sourceTree = "<group>"; };
		0C92DEA4ECA473E5B6347463 /* Pods_LISKitTests.framework */ = {isa = PBXFileReference; explicitFileType = wrapper.framework; includeInIndex = 0; path = Pods_LISKitTests.framework; sourceTree = BUILT_PRODUCTS_DIR; };
		10EDAFC02550A8DE009FDA96 /* SettingsView.swift */ = {isa = PBXFileReference; lastKnownFileType = sourcecode.swift; path = SettingsView.swift; sourceTree = "<group>"; };
		149E75223CC0AAC8C3E16552 /* Pods-LISManagerTests.release.xcconfig */ = {isa = PBXFileReference; includeInIndex = 1; lastKnownFileType = text.xcconfig; name = "Pods-LISManagerTests.release.xcconfig"; path = "Target Support Files/Pods-LISManagerTests/Pods-LISManagerTests.release.xcconfig"; sourceTree = "<group>"; };
		156FFA07B122F5A24DCF62EC /* Pods_LISTester.framework */ = {isa = PBXFileReference; explicitFileType = wrapper.framework; includeInIndex = 0; path = Pods_LISTester.framework; sourceTree = BUILT_PRODUCTS_DIR; };
		7B6C57E8DD14B7732B893BEF /* Pods_LISKit.framework */ = {isa = PBXFileReference; explicitFileType = wrapper.framework; includeInIndex = 0; path = Pods_LISKit.framework; sourceTree = BUILT_PRODUCTS_DIR; };
		82D0112A6E95CA7F7FDE5763 /* Pods-LISManagerTests.debug.xcconfig */ = {isa = PBXFileReference; includeInIndex = 1; lastKnownFileType = text.xcconfig; name = "Pods-LISManagerTests.debug.xcconfig"; path = "Target Support Files/Pods-LISManagerTests/Pods-LISManagerTests.debug.xcconfig"; sourceTree = "<group>"; };
		8C7B4A69E9FD40422B1B0422 /* Pods_LISManagerTests.framework */ = {isa = PBXFileReference; explicitFileType = wrapper.framework; includeInIndex = 0; path = Pods_LISManagerTests.framework; sourceTree = BUILT_PRODUCTS_DIR; };
		996FDC9A01E4C75CE4CF25B3 /* Pods-LISTester.release.xcconfig */ = {isa = PBXFileReference; includeInIndex = 1; lastKnownFileType = text.xcconfig; name = "Pods-LISTester.release.xcconfig"; path = "Target Support Files/Pods-LISTester/Pods-LISTester.release.xcconfig"; sourceTree = "<group>"; };
		9DAB3A002BCFBAA31E444A77 /* Pods_LISManager_LISManagerUITests.framework */ = {isa = PBXFileReference; explicitFileType = wrapper.framework; includeInIndex = 0; path = Pods_LISManager_LISManagerUITests.framework; sourceTree = BUILT_PRODUCTS_DIR; };
		A01ED7C5E4182572B8B07026 /* Pods_LISManager.framework */ = {isa = PBXFileReference; explicitFileType = wrapper.framework; includeInIndex = 0; path = Pods_LISManager.framework; sourceTree = BUILT_PRODUCTS_DIR; };
		AFDAA4C09191C39746EFF8DD /* Pods-LISManager-LISManagerUITests.debug.xcconfig */ = {isa = PBXFileReference; includeInIndex = 1; lastKnownFileType = text.xcconfig; name = "Pods-LISManager-LISManagerUITests.debug.xcconfig"; path = "Target Support Files/Pods-LISManager-LISManagerUITests/Pods-LISManager-LISManagerUITests.debug.xcconfig"; sourceTree = "<group>"; };
		C348A028A43B1C90FAC1F647 /* Pods-LISManager-LISManagerUITests.release.xcconfig */ = {isa = PBXFileReference; includeInIndex = 1; lastKnownFileType = text.xcconfig; name = "Pods-LISManager-LISManagerUITests.release.xcconfig"; path = "Target Support Files/Pods-LISManager-LISManagerUITests/Pods-LISManager-LISManagerUITests.release.xcconfig"; sourceTree = "<group>"; };
		C7666B45919F25A4E95F3B45 /* Pods-LISTester.debug.xcconfig */ = {isa = PBXFileReference; includeInIndex = 1; lastKnownFileType = text.xcconfig; name = "Pods-LISTester.debug.xcconfig"; path = "Target Support Files/Pods-LISTester/Pods-LISTester.debug.xcconfig"; sourceTree = "<group>"; };
		CE50501CF59E9FE29565CB30 /* Pods-LISKit.release.xcconfig */ = {isa = PBXFileReference; includeInIndex = 1; lastKnownFileType = text.xcconfig; name = "Pods-LISKit.release.xcconfig"; path = "Target Support Files/Pods-LISKit/Pods-LISKit.release.xcconfig"; sourceTree = "<group>"; };
		D3302260487A145EC202852F /* Pods-LISKitTests.debug.xcconfig */ = {isa = PBXFileReference; includeInIndex = 1; lastKnownFileType = text.xcconfig; name = "Pods-LISKitTests.debug.xcconfig"; path = "Target Support Files/Pods-LISKitTests/Pods-LISKitTests.debug.xcconfig"; sourceTree = "<group>"; };
		D35E4C8CB51A1399ED60467D /* Pods-LISKit.debug.xcconfig */ = {isa = PBXFileReference; includeInIndex = 1; lastKnownFileType = text.xcconfig; name = "Pods-LISKit.debug.xcconfig"; path = "Target Support Files/Pods-LISKit/Pods-LISKit.debug.xcconfig"; sourceTree = "<group>"; };
		E871CE5A60AA96D670025006 /* Pods-LISManager.debug.xcconfig */ = {isa = PBXFileReference; includeInIndex = 1; lastKnownFileType = text.xcconfig; name = "Pods-LISManager.debug.xcconfig"; path = "Target Support Files/Pods-LISManager/Pods-LISManager.debug.xcconfig"; sourceTree = "<group>"; };
		EB18F8CF2547391A00745A59 /* TestFlowView.swift */ = {isa = PBXFileReference; lastKnownFileType = sourcecode.swift; path = TestFlowView.swift; sourceTree = "<group>"; };
		EB18F8D42547472700745A59 /* InitialTestFlowView.swift */ = {isa = PBXFileReference; lastKnownFileType = sourcecode.swift; path = InitialTestFlowView.swift; sourceTree = "<group>"; };
		EB18F8DC2547473700745A59 /* SampleScanView.swift */ = {isa = PBXFileReference; lastKnownFileType = sourcecode.swift; path = SampleScanView.swift; sourceTree = "<group>"; };
		EB18F8E92547476800745A59 /* PatientBarcodeView.swift */ = {isa = PBXFileReference; lastKnownFileType = sourcecode.swift; path = PatientBarcodeView.swift; sourceTree = "<group>"; };
		EB18F8F62547477D00745A59 /* SampleBarcodeView.swift */ = {isa = PBXFileReference; lastKnownFileType = sourcecode.swift; path = SampleBarcodeView.swift; sourceTree = "<group>"; };
		EB18F8FB2547479500745A59 /* FinishTestFlowView.swift */ = {isa = PBXFileReference; lastKnownFileType = sourcecode.swift; path = FinishTestFlowView.swift; sourceTree = "<group>"; };
		EB18F9002547624800745A59 /* CoreDataDeviceRepository.swift */ = {isa = PBXFileReference; lastKnownFileType = sourcecode.swift; path = CoreDataDeviceRepository.swift; sourceTree = "<group>"; };
		EB1E3EA5253CBF4E0097AC63 /* LISManager.entitlements */ = {isa = PBXFileReference; lastKnownFileType = text.plist.entitlements; path = LISManager.entitlements; sourceTree = "<group>"; };
		EB2297B62542279D002332AB /* OrderView.swift */ = {isa = PBXFileReference; lastKnownFileType = sourcecode.swift; path = OrderView.swift; sourceTree = "<group>"; };
		EB2297BF25422998002332AB /* OrderCellView.swift */ = {isa = PBXFileReference; lastKnownFileType = sourcecode.swift; path = OrderCellView.swift; sourceTree = "<group>"; };
		EB2297D72543156C002332AB /* TimerView.swift */ = {isa = PBXFileReference; lastKnownFileType = sourcecode.swift; path = TimerView.swift; sourceTree = "<group>"; };
		EB3D3301253F68AF000F5A84 /* test_result_generated.swift */ = {isa = PBXFileReference; lastKnownFileType = sourcecode.swift; path = test_result_generated.swift; sourceTree = "<group>"; };
		EB3D3306253F7D97000F5A84 /* Protocols+Extensions.swift */ = {isa = PBXFileReference; lastKnownFileType = sourcecode.swift; path = "Protocols+Extensions.swift"; sourceTree = "<group>"; };
		EB3D330B253F7E45000F5A84 /* ResultRow.swift */ = {isa = PBXFileReference; lastKnownFileType = sourcecode.swift; path = ResultRow.swift; sourceTree = "<group>"; };
		EB3D3318253F86E1000F5A84 /* ResultDetailView.swift */ = {isa = PBXFileReference; lastKnownFileType = sourcecode.swift; path = ResultDetailView.swift; sourceTree = "<group>"; };
		EB45ACBC253F2E9D00EC2D64 /* ResultsView.swift */ = {isa = PBXFileReference; lastKnownFileType = sourcecode.swift; path = ResultsView.swift; sourceTree = "<group>"; };
		EB6331FD2541E770002FFA25 /* PatientDetailView.swift */ = {isa = PBXFileReference; lastKnownFileType = sourcecode.swift; path = PatientDetailView.swift; sourceTree = "<group>"; };
		EB6332072541E7C7002FFA25 /* InitialsView.swift */ = {isa = PBXFileReference; lastKnownFileType = sourcecode.swift; path = InitialsView.swift; sourceTree = "<group>"; };
		EB63320F2541EA00002FFA25 /* PersonHeader.swift */ = {isa = PBXFileReference; lastKnownFileType = sourcecode.swift; path = PersonHeader.swift; sourceTree = "<group>"; };
		EB6332142541EB68002FFA25 /* PatientEntity+Extensions.swift */ = {isa = PBXFileReference; lastKnownFileType = sourcecode.swift; path = "PatientEntity+Extensions.swift"; sourceTree = "<group>"; };
		EB6332242541EFBE002FFA25 /* QRCodeView.swift */ = {isa = PBXFileReference; lastKnownFileType = sourcecode.swift; path = QRCodeView.swift; sourceTree = "<group>"; };
		EB71A1C7253E73CD0079F73A /* LISKit.xcdatamodel */ = {isa = PBXFileReference; lastKnownFileType = wrapper.xcdatamodel; path = LISKit.xcdatamodel; sourceTree = "<group>"; };
		EB71A1CD253E74E00079F73A /* ConnectionStatus.swift */ = {isa = PBXFileReference; lastKnownFileType = sourcecode.swift; path = ConnectionStatus.swift; sourceTree = "<group>"; };
		EB71A1DD253E76E30079F73A /* LISDeviceEntity+ConnectionStatus.swift */ = {isa = PBXFileReference; lastKnownFileType = sourcecode.swift; path = "LISDeviceEntity+ConnectionStatus.swift"; sourceTree = "<group>"; };
		EB7B8BE7253EEDF60040B56E /* DeviceRepository.swift */ = {isa = PBXFileReference; lastKnownFileType = sourcecode.swift; path = DeviceRepository.swift; sourceTree = "<group>"; };
		EB7B8BEC253EEE660040B56E /* MemoryDeviceRepository.swift */ = {isa = PBXFileReference; lastKnownFileType = sourcecode.swift; path = MemoryDeviceRepository.swift; sourceTree = "<group>"; };
		EB856FD62541B9D2008996F6 /* PatientAddView.swift */ = {isa = PBXFileReference; lastKnownFileType = sourcecode.swift; path = PatientAddView.swift; sourceTree = "<group>"; };
		EB856FDE2541B9F8008996F6 /* PatientAddModel.swift */ = {isa = PBXFileReference; lastKnownFileType = sourcecode.swift; path = PatientAddModel.swift; sourceTree = "<group>"; };
		EB856FEE2541C4BA008996F6 /* PatientAddTests.swift */ = {isa = PBXFileReference; lastKnownFileType = sourcecode.swift; path = PatientAddTests.swift; sourceTree = "<group>"; };
		EB9B7889253DF8C100FCAB10 /* LocationInformationViewModel.swift */ = {isa = PBXFileReference; lastKnownFileType = sourcecode.swift; path = LocationInformationViewModel.swift; sourceTree = "<group>"; };
		EB9B788F253DF95100FCAB10 /* FormValidationHelpers.swift */ = {isa = PBXFileReference; lastKnownFileType = sourcecode.swift; path = FormValidationHelpers.swift; sourceTree = "<group>"; };
		EB9B7895253E026900FCAB10 /* MainView.swift */ = {isa = PBXFileReference; lastKnownFileType = sourcecode.swift; path = MainView.swift; sourceTree = "<group>"; };
		EB9B78A5253E047600FCAB10 /* DevicesView.swift */ = {isa = PBXFileReference; lastKnownFileType = sourcecode.swift; path = DevicesView.swift; sourceTree = "<group>"; };
		EB9B78B6253E062C00FCAB10 /* BluetoothDevice.swift */ = {isa = PBXFileReference; lastKnownFileType = sourcecode.swift; path = BluetoothDevice.swift; sourceTree = "<group>"; };
		EB9B78BC253E06D000FCAB10 /* DeviceRow.swift */ = {isa = PBXFileReference; lastKnownFileType = sourcecode.swift; path = DeviceRow.swift; sourceTree = "<group>"; };
		EB9B78C4253E0CE700FCAB10 /* DeviceAddView.swift */ = {isa = PBXFileReference; lastKnownFileType = sourcecode.swift; path = DeviceAddView.swift; sourceTree = "<group>"; };
		EBA78C72253D0B100007B23C /* LISKit.framework */ = {isa = PBXFileReference; explicitFileType = wrapper.framework; includeInIndex = 0; path = LISKit.framework; sourceTree = BUILT_PRODUCTS_DIR; };
		EBA78C74253D0B100007B23C /* LISKit.h */ = {isa = PBXFileReference; lastKnownFileType = sourcecode.c.h; path = LISKit.h; sourceTree = "<group>"; };
		EBA78C75253D0B100007B23C /* Info.plist */ = {isa = PBXFileReference; lastKnownFileType = text.plist.xml; path = Info.plist; sourceTree = "<group>"; };
		EBA78C7A253D0B100007B23C /* LISKitTests.xctest */ = {isa = PBXFileReference; explicitFileType = wrapper.cfbundle; includeInIndex = 0; path = LISKitTests.xctest; sourceTree = BUILT_PRODUCTS_DIR; };
		EBA78C7F253D0B100007B23C /* LISKitTests.swift */ = {isa = PBXFileReference; lastKnownFileType = sourcecode.swift; path = LISKitTests.swift; sourceTree = "<group>"; };
		EBA78C81253D0B100007B23C /* Info.plist */ = {isa = PBXFileReference; lastKnownFileType = text.plist.xml; path = Info.plist; sourceTree = "<group>"; };
		EBA78CB5253D0C240007B23C /* BluetoothManager.swift */ = {isa = PBXFileReference; lastKnownFileType = sourcecode.swift; path = BluetoothManager.swift; sourceTree = "<group>"; };
		EBAFE438253A114200BF8868 /* LISManager.app */ = {isa = PBXFileReference; explicitFileType = wrapper.application; includeInIndex = 0; path = LISManager.app; sourceTree = BUILT_PRODUCTS_DIR; };
		EBAFE43B253A114200BF8868 /* AppDelegate.swift */ = {isa = PBXFileReference; lastKnownFileType = sourcecode.swift; path = AppDelegate.swift; sourceTree = "<group>"; };
		EBAFE43D253A114200BF8868 /* SceneDelegate.swift */ = {isa = PBXFileReference; lastKnownFileType = sourcecode.swift; path = SceneDelegate.swift; sourceTree = "<group>"; };
		EBAFE43F253A114200BF8868 /* ContentView.swift */ = {isa = PBXFileReference; lastKnownFileType = sourcecode.swift; path = ContentView.swift; sourceTree = "<group>"; };
		EBAFE442253A114200BF8868 /* LISManager.xcdatamodel */ = {isa = PBXFileReference; lastKnownFileType = wrapper.xcdatamodel; path = LISManager.xcdatamodel; sourceTree = "<group>"; };
		EBAFE444253A114500BF8868 /* Assets.xcassets */ = {isa = PBXFileReference; lastKnownFileType = folder.assetcatalog; path = Assets.xcassets; sourceTree = "<group>"; };
		EBAFE447253A114500BF8868 /* Preview Assets.xcassets */ = {isa = PBXFileReference; lastKnownFileType = folder.assetcatalog; path = "Preview Assets.xcassets"; sourceTree = "<group>"; };
		EBAFE44A253A114500BF8868 /* Base */ = {isa = PBXFileReference; lastKnownFileType = file.storyboard; name = Base; path = Base.lproj/LaunchScreen.storyboard; sourceTree = "<group>"; };
		EBAFE44C253A114500BF8868 /* Info.plist */ = {isa = PBXFileReference; lastKnownFileType = text.plist.xml; path = Info.plist; sourceTree = "<group>"; };
		EBAFE451253A114500BF8868 /* LISManagerTests.xctest */ = {isa = PBXFileReference; explicitFileType = wrapper.cfbundle; includeInIndex = 0; path = LISManagerTests.xctest; sourceTree = BUILT_PRODUCTS_DIR; };
		EBAFE455253A114500BF8868 /* LISManagerTests.swift */ = {isa = PBXFileReference; lastKnownFileType = sourcecode.swift; path = LISManagerTests.swift; sourceTree = "<group>"; };
		EBAFE457253A114500BF8868 /* Info.plist */ = {isa = PBXFileReference; lastKnownFileType = text.plist.xml; path = Info.plist; sourceTree = "<group>"; };
		EBAFE45C253A114500BF8868 /* LISManagerUITests.xctest */ = {isa = PBXFileReference; explicitFileType = wrapper.cfbundle; includeInIndex = 0; path = LISManagerUITests.xctest; sourceTree = BUILT_PRODUCTS_DIR; };
		EBAFE460253A114500BF8868 /* LISManagerUITests.swift */ = {isa = PBXFileReference; lastKnownFileType = sourcecode.swift; path = LISManagerUITests.swift; sourceTree = "<group>"; };
		EBAFE462253A114500BF8868 /* Info.plist */ = {isa = PBXFileReference; lastKnownFileType = text.plist.xml; path = Info.plist; sourceTree = "<group>"; };
		EBAFE47D253A136700BF8868 /* PreferencesManager.swift */ = {isa = PBXFileReference; lastKnownFileType = sourcecode.swift; path = PreferencesManager.swift; sourceTree = "<group>"; };
		EBAFE486253A152E00BF8868 /* MainOnboardingView.swift */ = {isa = PBXFileReference; lastKnownFileType = sourcecode.swift; path = MainOnboardingView.swift; sourceTree = "<group>"; };
		EBAFE48E253A158B00BF8868 /* InitialOnboardingView.swift */ = {isa = PBXFileReference; lastKnownFileType = sourcecode.swift; path = InitialOnboardingView.swift; sourceTree = "<group>"; };
		EBAFE494253A161200BF8868 /* FullscreenButton.swift */ = {isa = PBXFileReference; lastKnownFileType = sourcecode.swift; path = FullscreenButton.swift; sourceTree = "<group>"; };
		EBAFE49C253A166A00BF8868 /* ActivityIndicator.swift */ = {isa = PBXFileReference; lastKnownFileType = sourcecode.swift; path = ActivityIndicator.swift; sourceTree = "<group>"; };
		EBAFE4A1253A1A3600BF8868 /* LocationInformation.swift */ = {isa = PBXFileReference; lastKnownFileType = sourcecode.swift; path = LocationInformation.swift; sourceTree = "<group>"; };
		EBAFE4A6253A1B7900BF8868 /* LocationManager.swift */ = {isa = PBXFileReference; lastKnownFileType = sourcecode.swift; path = LocationManager.swift; sourceTree = "<group>"; };
		EBB5D8A6253F24F800F87A04 /* echo_generated.swift */ = {isa = PBXFileReference; lastKnownFileType = sourcecode.swift; path = echo_generated.swift; sourceTree = "<group>"; };
		EBC5DD0F254350E800637D42 /* ResultsManager.swift */ = {isa = PBXFileReference; lastKnownFileType = sourcecode.swift; path = ResultsManager.swift; sourceTree = "<group>"; };
		EBC76EA3254857B000D0B4B8 /* DeviceEntity+Extensions.swift */ = {isa = PBXFileReference; lastKnownFileType = sourcecode.swift; path = "DeviceEntity+Extensions.swift"; sourceTree = "<group>"; };
		EBC76EC325489F0700D0B4B8 /* TimePicker.swift */ = {isa = PBXFileReference; lastKnownFileType = sourcecode.swift; path = TimePicker.swift; sourceTree = "<group>"; };
		EBC76EC82548A12800D0B4B8 /* TestFlowModel.swift */ = {isa = PBXFileReference; lastKnownFileType = sourcecode.swift; path = TestFlowModel.swift; sourceTree = "<group>"; };
		EBD24E102540CC42002A3E15 /* FormReader.swift */ = {isa = PBXFileReference; lastKnownFileType = sourcecode.swift; path = FormReader.swift; sourceTree = "<group>"; };
		EBD24E152540CD8C002A3E15 /* TestAssets.xcassets */ = {isa = PBXFileReference; lastKnownFileType = folder.assetcatalog; path = TestAssets.xcassets; sourceTree = "<group>"; };
		EBDC8C2025409E5A00D69DAD /* PatientListView.swift */ = {isa = PBXFileReference; lastKnownFileType = sourcecode.swift; path = PatientListView.swift; sourceTree = "<group>"; };
		EBDC8C2625409E8300D69DAD /* BarcodeScanner.swift */ = {isa = PBXFileReference; lastKnownFileType = sourcecode.swift; path = BarcodeScanner.swift; sourceTree = "<group>"; };
		EBDC8C2E25409F7800D69DAD /* CameraViewController.swift */ = {isa = PBXFileReference; lastKnownFileType = sourcecode.swift; path = CameraViewController.swift; sourceTree = "<group>"; };
/* End PBXFileReference section */

/* Begin PBXFrameworksBuildPhase section */
		EBA78C6F253D0B100007B23C /* Frameworks */ = {
			isa = PBXFrameworksBuildPhase;
			buildActionMask = 2147483647;
			files = (
				69464CEF618A390A997068B8 /* Pods_LISKit.framework in Frameworks */,
			);
			runOnlyForDeploymentPostprocessing = 0;
		};
		EBA78C77253D0B100007B23C /* Frameworks */ = {
			isa = PBXFrameworksBuildPhase;
			buildActionMask = 2147483647;
			files = (
				EBA78C7B253D0B100007B23C /* LISKit.framework in Frameworks */,
				8752770672A02E6BC063C095 /* Pods_LISKitTests.framework in Frameworks */,
			);
			runOnlyForDeploymentPostprocessing = 0;
		};
		EBAFE435253A114200BF8868 /* Frameworks */ = {
			isa = PBXFrameworksBuildPhase;
			buildActionMask = 2147483647;
			files = (
				EB9B78AB253E048400FCAB10 /* LISKit.framework in Frameworks */,
				737DCD682A2697F51E3FAA1F /* Pods_LISManager.framework in Frameworks */,
			);
			runOnlyForDeploymentPostprocessing = 0;
		};
		EBAFE44E253A114500BF8868 /* Frameworks */ = {
			isa = PBXFrameworksBuildPhase;
			buildActionMask = 2147483647;
			files = (
				9102B0C714D651D3AF3C1F1C /* Pods_LISManagerTests.framework in Frameworks */,
			);
			runOnlyForDeploymentPostprocessing = 0;
		};
		EBAFE459253A114500BF8868 /* Frameworks */ = {
			isa = PBXFrameworksBuildPhase;
			buildActionMask = 2147483647;
			files = (
				EAEFC289ED31A640013A1032 /* Pods_LISManager_LISManagerUITests.framework in Frameworks */,
			);
			runOnlyForDeploymentPostprocessing = 0;
		};
/* End PBXFrameworksBuildPhase section */

/* Begin PBXGroup section */
		10EDAFBC2550A87B009FDA96 /* Settings */ = {
			isa = PBXGroup;
			children = (
				10EDAFC02550A8DE009FDA96 /* SettingsView.swift */,
			);
			path = Settings;
			sourceTree = "<group>";
		};
		C26A041B9ADCE0D3058C1DBD /* Pods */ = {
			isa = PBXGroup;
			children = (
				D35E4C8CB51A1399ED60467D /* Pods-LISKit.debug.xcconfig */,
				CE50501CF59E9FE29565CB30 /* Pods-LISKit.release.xcconfig */,
				D3302260487A145EC202852F /* Pods-LISKitTests.debug.xcconfig */,
				0683FBFC155649207EA722C1 /* Pods-LISKitTests.release.xcconfig */,
				E871CE5A60AA96D670025006 /* Pods-LISManager.debug.xcconfig */,
				01C8FCA30DF5080D239F9865 /* Pods-LISManager.release.xcconfig */,
				AFDAA4C09191C39746EFF8DD /* Pods-LISManager-LISManagerUITests.debug.xcconfig */,
				C348A028A43B1C90FAC1F647 /* Pods-LISManager-LISManagerUITests.release.xcconfig */,
				82D0112A6E95CA7F7FDE5763 /* Pods-LISManagerTests.debug.xcconfig */,
				149E75223CC0AAC8C3E16552 /* Pods-LISManagerTests.release.xcconfig */,
				C7666B45919F25A4E95F3B45 /* Pods-LISTester.debug.xcconfig */,
				996FDC9A01E4C75CE4CF25B3 /* Pods-LISTester.release.xcconfig */,
			);
			path = Pods;
			sourceTree = "<group>";
		};
		EAFB2C60A72A50599EA5A751 /* Frameworks */ = {
			isa = PBXGroup;
			children = (
				7B6C57E8DD14B7732B893BEF /* Pods_LISKit.framework */,
				0C92DEA4ECA473E5B6347463 /* Pods_LISKitTests.framework */,
				A01ED7C5E4182572B8B07026 /* Pods_LISManager.framework */,
				9DAB3A002BCFBAA31E444A77 /* Pods_LISManager_LISManagerUITests.framework */,
				8C7B4A69E9FD40422B1B0422 /* Pods_LISManagerTests.framework */,
				156FFA07B122F5A24DCF62EC /* Pods_LISTester.framework */,
			);
			name = Frameworks;
			sourceTree = "<group>";
		};
		EB18F8CE2547390200745A59 /* Tests */ = {
			isa = PBXGroup;
			children = (
				EB18F8CF2547391A00745A59 /* TestFlowView.swift */,
				EB18F8D42547472700745A59 /* InitialTestFlowView.swift */,
				EB18F8DC2547473700745A59 /* SampleScanView.swift */,
				EB18F8E92547476800745A59 /* PatientBarcodeView.swift */,
				EB18F8F62547477D00745A59 /* SampleBarcodeView.swift */,
				EB18F8FB2547479500745A59 /* FinishTestFlowView.swift */,
				EBC76EC82548A12800D0B4B8 /* TestFlowModel.swift */,
			);
			path = Tests;
			sourceTree = "<group>";
		};
		EB2297BB254228A8002332AB /* Orders */ = {
			isa = PBXGroup;
			children = (
				EB2297B62542279D002332AB /* OrderView.swift */,
				EB2297BF25422998002332AB /* OrderCellView.swift */,
				EB2297D72543156C002332AB /* TimerView.swift */,
			);
			path = Orders;
			sourceTree = "<group>";
		};
		EB45ACBB253F2E8800EC2D64 /* Results */ = {
			isa = PBXGroup;
			children = (
				EB45ACBC253F2E9D00EC2D64 /* ResultsView.swift */,
				EB3D3306253F7D97000F5A84 /* Protocols+Extensions.swift */,
				EB3D330B253F7E45000F5A84 /* ResultRow.swift */,
				EB3D3318253F86E1000F5A84 /* ResultDetailView.swift */,
			);
			path = Results;
			sourceTree = "<group>";
		};
		EB71A1CC253E748C0079F73A /* Models */ = {
			isa = PBXGroup;
			children = (
				EB71A1CD253E74E00079F73A /* ConnectionStatus.swift */,
				EB71A1DD253E76E30079F73A /* LISDeviceEntity+ConnectionStatus.swift */,
			);
			path = Models;
			sourceTree = "<group>";
		};
		EB9B78BB253E066200FCAB10 /* Devices */ = {
			isa = PBXGroup;
			children = (
				EB9B78A5253E047600FCAB10 /* DevicesView.swift */,
				EB9B78BC253E06D000FCAB10 /* DeviceRow.swift */,
				EB9B78C4253E0CE700FCAB10 /* DeviceAddView.swift */,
				EB18F9002547624800745A59 /* CoreDataDeviceRepository.swift */,
			);
			path = Devices;
			sourceTree = "<group>";
		};
		EBA78C73253D0B100007B23C /* LISKit */ = {
			isa = PBXGroup;
			children = (
				EB3D3301253F68AF000F5A84 /* test_result_generated.swift */,
				EBB5D8A6253F24F800F87A04 /* echo_generated.swift */,
				EB71A1CC253E748C0079F73A /* Models */,
				EBA78C74253D0B100007B23C /* LISKit.h */,
				EBA78C75253D0B100007B23C /* Info.plist */,
				EBA78CB5253D0C240007B23C /* BluetoothManager.swift */,
				EB9B78B6253E062C00FCAB10 /* BluetoothDevice.swift */,
				EB71A1C6253E73CD0079F73A /* LISKit.xcdatamodeld */,
				EB7B8BE7253EEDF60040B56E /* DeviceRepository.swift */,
				EB7B8BEC253EEE660040B56E /* MemoryDeviceRepository.swift */,
			);
			path = LISKit;
			sourceTree = "<group>";
		};
		EBA78C7E253D0B100007B23C /* LISKitTests */ = {
			isa = PBXGroup;
			children = (
				EBA78C7F253D0B100007B23C /* LISKitTests.swift */,
				EBA78C81253D0B100007B23C /* Info.plist */,
			);
			path = LISKitTests;
			sourceTree = "<group>";
		};
		EBAFE42F253A114200BF8868 = {
			isa = PBXGroup;
			children = (
				EBAFE43A253A114200BF8868 /* LISManager */,
				EBAFE454253A114500BF8868 /* LISManagerTests */,
				EBAFE45F253A114500BF8868 /* LISManagerUITests */,
				EBA78C73253D0B100007B23C /* LISKit */,
				EBA78C7E253D0B100007B23C /* LISKitTests */,
				EBAFE439253A114200BF8868 /* Products */,
				C26A041B9ADCE0D3058C1DBD /* Pods */,
				EAFB2C60A72A50599EA5A751 /* Frameworks */,
			);
			sourceTree = "<group>";
		};
		EBAFE439253A114200BF8868 /* Products */ = {
			isa = PBXGroup;
			children = (
				EBAFE438253A114200BF8868 /* LISManager.app */,
				EBAFE451253A114500BF8868 /* LISManagerTests.xctest */,
				EBAFE45C253A114500BF8868 /* LISManagerUITests.xctest */,
				EBA78C72253D0B100007B23C /* LISKit.framework */,
				EBA78C7A253D0B100007B23C /* LISKitTests.xctest */,
			);
			name = Products;
			sourceTree = "<group>";
		};
		EBAFE43A253A114200BF8868 /* LISManager */ = {
			isa = PBXGroup;
			children = (
				10EDAFBC2550A87B009FDA96 /* Settings */,
				EBC76EA2254857A200D0B4B8 /* Models */,
				EB18F8CE2547390200745A59 /* Tests */,
				EB2297BB254228A8002332AB /* Orders */,
				EBDC8C2525409E7A00D69DAD /* Camera */,
				EBDC8C1F25409E2F00D69DAD /* Patients */,
				EB45ACBB253F2E8800EC2D64 /* Results */,
				EB9B78BB253E066200FCAB10 /* Devices */,
				EB1E3EA5253CBF4E0097AC63 /* LISManager.entitlements */,
				EBAFE493253A160000BF8868 /* Elements */,
				EBAFE485253A151900BF8868 /* Onboarding */,
				EBAFE43B253A114200BF8868 /* AppDelegate.swift */,
				EBAFE43D253A114200BF8868 /* SceneDelegate.swift */,
				EBAFE43F253A114200BF8868 /* ContentView.swift */,
				EBAFE444253A114500BF8868 /* Assets.xcassets */,
				EBAFE449253A114500BF8868 /* LaunchScreen.storyboard */,
				EBAFE44C253A114500BF8868 /* Info.plist */,
				EBAFE441253A114200BF8868 /* LISManager.xcdatamodeld */,
				EBAFE446253A114500BF8868 /* Preview Content */,
				EBAFE47D253A136700BF8868 /* PreferencesManager.swift */,
				EBAFE4A6253A1B7900BF8868 /* LocationManager.swift */,
				EB9B788F253DF95100FCAB10 /* FormValidationHelpers.swift */,
				EB9B7895253E026900FCAB10 /* MainView.swift */,
				EBC5DD0F254350E800637D42 /* ResultsManager.swift */,
			);
			path = LISManager;
			sourceTree = "<group>";
		};
		EBAFE446253A114500BF8868 /* Preview Content */ = {
			isa = PBXGroup;
			children = (
				EBAFE447253A114500BF8868 /* Preview Assets.xcassets */,
			);
			path = "Preview Content";
			sourceTree = "<group>";
		};
		EBAFE454253A114500BF8868 /* LISManagerTests */ = {
			isa = PBXGroup;
			children = (
				EBD24E152540CD8C002A3E15 /* TestAssets.xcassets */,
				EBAFE455253A114500BF8868 /* LISManagerTests.swift */,
				EBAFE457253A114500BF8868 /* Info.plist */,
				EB856FEE2541C4BA008996F6 /* PatientAddTests.swift */,
			);
			path = LISManagerTests;
			sourceTree = "<group>";
		};
		EBAFE45F253A114500BF8868 /* LISManagerUITests */ = {
			isa = PBXGroup;
			children = (
				EBAFE460253A114500BF8868 /* LISManagerUITests.swift */,
				EBAFE462253A114500BF8868 /* Info.plist */,
			);
			path = LISManagerUITests;
			sourceTree = "<group>";
		};
		EBAFE485253A151900BF8868 /* Onboarding */ = {
			isa = PBXGroup;
			children = (
				EBAFE486253A152E00BF8868 /* MainOnboardingView.swift */,
				EBAFE48E253A158B00BF8868 /* InitialOnboardingView.swift */,
				EBAFE4A1253A1A3600BF8868 /* LocationInformation.swift */,
				EB9B7889253DF8C100FCAB10 /* LocationInformationViewModel.swift */,
			);
			path = Onboarding;
			sourceTree = "<group>";
		};
		EBAFE493253A160000BF8868 /* Elements */ = {
			isa = PBXGroup;
			children = (
				EBAFE494253A161200BF8868 /* FullscreenButton.swift */,
				EBAFE49C253A166A00BF8868 /* ActivityIndicator.swift */,
				EB6332072541E7C7002FFA25 /* InitialsView.swift */,
				EB63320F2541EA00002FFA25 /* PersonHeader.swift */,
				EB6332242541EFBE002FFA25 /* QRCodeView.swift */,
				EBC76EC325489F0700D0B4B8 /* TimePicker.swift */,
			);
			path = Elements;
			sourceTree = "<group>";
		};
		EBC76EA2254857A200D0B4B8 /* Models */ = {
			isa = PBXGroup;
			children = (
				EB6332142541EB68002FFA25 /* PatientEntity+Extensions.swift */,
				EBC76EA3254857B000D0B4B8 /* DeviceEntity+Extensions.swift */,
			);
			path = Models;
			sourceTree = "<group>";
		};
		EBDC8C1F25409E2F00D69DAD /* Patients */ = {
			isa = PBXGroup;
			children = (
				EBDC8C2025409E5A00D69DAD /* PatientListView.swift */,
				EB856FD62541B9D2008996F6 /* PatientAddView.swift */,
				EB856FDE2541B9F8008996F6 /* PatientAddModel.swift */,
				EB6331FD2541E770002FFA25 /* PatientDetailView.swift */,
			);
			path = Patients;
			sourceTree = "<group>";
		};
		EBDC8C2525409E7A00D69DAD /* Camera */ = {
			isa = PBXGroup;
			children = (
				EBDC8C2625409E8300D69DAD /* BarcodeScanner.swift */,
				EBDC8C2E25409F7800D69DAD /* CameraViewController.swift */,
				EBD24E102540CC42002A3E15 /* FormReader.swift */,
			);
			path = Camera;
			sourceTree = "<group>";
		};
/* End PBXGroup section */

/* Begin PBXHeadersBuildPhase section */
		EBA78C6D253D0B100007B23C /* Headers */ = {
			isa = PBXHeadersBuildPhase;
			buildActionMask = 2147483647;
			files = (
				EBA78C82253D0B100007B23C /* LISKit.h in Headers */,
			);
			runOnlyForDeploymentPostprocessing = 0;
		};
/* End PBXHeadersBuildPhase section */

/* Begin PBXNativeTarget section */
		EBA78C71253D0B100007B23C /* LISKit */ = {
			isa = PBXNativeTarget;
			buildConfigurationList = EBA78C83253D0B100007B23C /* Build configuration list for PBXNativeTarget "LISKit" */;
			buildPhases = (
				087FCE665C36495C74491BA8 /* [CP] Check Pods Manifest.lock */,
				EBB5D871253F1FB600F87A04 /* Compile Flatbuffers */,
				EBA78C6D253D0B100007B23C /* Headers */,
				EBA78C6E253D0B100007B23C /* Sources */,
				EBA78C6F253D0B100007B23C /* Frameworks */,
				EBA78C70253D0B100007B23C /* Resources */,
				EB41DC1B253DE70300248B1B /* Embed Frameworks */,
			);
			buildRules = (
			);
			dependencies = (
			);
			name = LISKit;
			productName = LISKit;
			productReference = EBA78C72253D0B100007B23C /* LISKit.framework */;
			productType = "com.apple.product-type.framework";
		};
		EBA78C79253D0B100007B23C /* LISKitTests */ = {
			isa = PBXNativeTarget;
			buildConfigurationList = EBA78C86253D0B100007B23C /* Build configuration list for PBXNativeTarget "LISKitTests" */;
			buildPhases = (
				DA916AA86622CB31F5335C3D /* [CP] Check Pods Manifest.lock */,
				EBA78C76253D0B100007B23C /* Sources */,
				EBA78C77253D0B100007B23C /* Frameworks */,
				EBA78C78253D0B100007B23C /* Resources */,
			);
			buildRules = (
			);
			dependencies = (
				EBA78C7D253D0B100007B23C /* PBXTargetDependency */,
			);
			name = LISKitTests;
			productName = LISKitTests;
			productReference = EBA78C7A253D0B100007B23C /* LISKitTests.xctest */;
			productType = "com.apple.product-type.bundle.unit-test";
		};
		EBAFE437253A114200BF8868 /* LISManager */ = {
			isa = PBXNativeTarget;
			buildConfigurationList = EBAFE465253A114500BF8868 /* Build configuration list for PBXNativeTarget "LISManager" */;
			buildPhases = (
				949363BB95C36B57A0E5780C /* [CP] Check Pods Manifest.lock */,
				EBAFE434253A114200BF8868 /* Sources */,
				EBAFE435253A114200BF8868 /* Frameworks */,
				EBAFE436253A114200BF8868 /* Resources */,
				B31357D64C2570A40BE98224 /* [CP] Embed Pods Frameworks */,
				EB9B78AF253E048400FCAB10 /* Embed Frameworks */,
				EB3F28BF255081C900C84C47 /* Run SwiftLint */,
			);
			buildRules = (
			);
			dependencies = (
				EB9B78AE253E048400FCAB10 /* PBXTargetDependency */,
			);
			name = LISManager;
			productName = LISManager;
			productReference = EBAFE438253A114200BF8868 /* LISManager.app */;
			productType = "com.apple.product-type.application";
		};
		EBAFE450253A114500BF8868 /* LISManagerTests */ = {
			isa = PBXNativeTarget;
			buildConfigurationList = EBAFE468253A114500BF8868 /* Build configuration list for PBXNativeTarget "LISManagerTests" */;
			buildPhases = (
				B98AFB0D65E995D02C11E77B /* [CP] Check Pods Manifest.lock */,
				EBAFE44D253A114500BF8868 /* Sources */,
				EBAFE44E253A114500BF8868 /* Frameworks */,
				EBAFE44F253A114500BF8868 /* Resources */,
			);
			buildRules = (
			);
			dependencies = (
				EBAFE453253A114500BF8868 /* PBXTargetDependency */,
			);
			name = LISManagerTests;
			productName = LISManagerTests;
			productReference = EBAFE451253A114500BF8868 /* LISManagerTests.xctest */;
			productType = "com.apple.product-type.bundle.unit-test";
		};
		EBAFE45B253A114500BF8868 /* LISManagerUITests */ = {
			isa = PBXNativeTarget;
			buildConfigurationList = EBAFE46B253A114500BF8868 /* Build configuration list for PBXNativeTarget "LISManagerUITests" */;
			buildPhases = (
				4F8321D970651B0B980EFFA0 /* [CP] Check Pods Manifest.lock */,
				EBAFE458253A114500BF8868 /* Sources */,
				EBAFE459253A114500BF8868 /* Frameworks */,
				EBAFE45A253A114500BF8868 /* Resources */,
				48566301C3FA9D3B878F6EDD /* [CP] Embed Pods Frameworks */,
			);
			buildRules = (
			);
			dependencies = (
				EBAFE45E253A114500BF8868 /* PBXTargetDependency */,
			);
			name = LISManagerUITests;
			productName = LISManagerUITests;
			productReference = EBAFE45C253A114500BF8868 /* LISManagerUITests.xctest */;
			productType = "com.apple.product-type.bundle.ui-testing";
		};
/* End PBXNativeTarget section */

/* Begin PBXProject section */
		EBAFE430253A114200BF8868 /* Project object */ = {
			isa = PBXProject;
			attributes = {
				LastSwiftUpdateCheck = 1200;
				LastUpgradeCheck = 1200;
				TargetAttributes = {
					EBA78C71253D0B100007B23C = {
						CreatedOnToolsVersion = 12.0.1;
						LastSwiftMigration = 1200;
					};
					EBA78C79253D0B100007B23C = {
						CreatedOnToolsVersion = 12.0.1;
					};
					EBAFE437253A114200BF8868 = {
						CreatedOnToolsVersion = 12.0.1;
					};
					EBAFE450253A114500BF8868 = {
						CreatedOnToolsVersion = 12.0.1;
						TestTargetID = EBAFE437253A114200BF8868;
					};
					EBAFE45B253A114500BF8868 = {
						CreatedOnToolsVersion = 12.0.1;
						TestTargetID = EBAFE437253A114200BF8868;
					};
				};
			};
			buildConfigurationList = EBAFE433253A114200BF8868 /* Build configuration list for PBXProject "LISManager" */;
			compatibilityVersion = "Xcode 11.0";
			developmentRegion = en;
			hasScannedForEncodings = 0;
			knownRegions = (
				en,
				Base,
			);
			mainGroup = EBAFE42F253A114200BF8868;
			productRefGroup = EBAFE439253A114200BF8868 /* Products */;
			projectDirPath = "";
			projectRoot = "";
			targets = (
				EBAFE437253A114200BF8868 /* LISManager */,
				EBAFE450253A114500BF8868 /* LISManagerTests */,
				EBAFE45B253A114500BF8868 /* LISManagerUITests */,
				EBA78C71253D0B100007B23C /* LISKit */,
				EBA78C79253D0B100007B23C /* LISKitTests */,
			);
		};
/* End PBXProject section */

/* Begin PBXResourcesBuildPhase section */
		EBA78C70253D0B100007B23C /* Resources */ = {
			isa = PBXResourcesBuildPhase;
			buildActionMask = 2147483647;
			files = (
			);
			runOnlyForDeploymentPostprocessing = 0;
		};
		EBA78C78253D0B100007B23C /* Resources */ = {
			isa = PBXResourcesBuildPhase;
			buildActionMask = 2147483647;
			files = (
			);
			runOnlyForDeploymentPostprocessing = 0;
		};
		EBAFE436253A114200BF8868 /* Resources */ = {
			isa = PBXResourcesBuildPhase;
			buildActionMask = 2147483647;
			files = (
				EBAFE44B253A114500BF8868 /* LaunchScreen.storyboard in Resources */,
				EBAFE448253A114500BF8868 /* Preview Assets.xcassets in Resources */,
				EBD24E162540CD8C002A3E15 /* TestAssets.xcassets in Resources */,
				EBAFE445253A114500BF8868 /* Assets.xcassets in Resources */,
			);
			runOnlyForDeploymentPostprocessing = 0;
		};
		EBAFE44F253A114500BF8868 /* Resources */ = {
			isa = PBXResourcesBuildPhase;
			buildActionMask = 2147483647;
			files = (
			);
			runOnlyForDeploymentPostprocessing = 0;
		};
		EBAFE45A253A114500BF8868 /* Resources */ = {
			isa = PBXResourcesBuildPhase;
			buildActionMask = 2147483647;
			files = (
			);
			runOnlyForDeploymentPostprocessing = 0;
		};
/* End PBXResourcesBuildPhase section */

/* Begin PBXShellScriptBuildPhase section */
		087FCE665C36495C74491BA8 /* [CP] Check Pods Manifest.lock */ = {
			isa = PBXShellScriptBuildPhase;
			buildActionMask = 2147483647;
			files = (
			);
			inputFileListPaths = (
			);
			inputPaths = (
				"${PODS_PODFILE_DIR_PATH}/Podfile.lock",
				"${PODS_ROOT}/Manifest.lock",
			);
			name = "[CP] Check Pods Manifest.lock";
			outputFileListPaths = (
			);
			outputPaths = (
				"$(DERIVED_FILE_DIR)/Pods-LISKit-checkManifestLockResult.txt",
			);
			runOnlyForDeploymentPostprocessing = 0;
			shellPath = /bin/sh;
			shellScript = "diff \"${PODS_PODFILE_DIR_PATH}/Podfile.lock\" \"${PODS_ROOT}/Manifest.lock\" > /dev/null\nif [ $? != 0 ] ; then\n    # print error to STDERR\n    echo \"error: The sandbox is not in sync with the Podfile.lock. Run 'pod install' or update your CocoaPods installation.\" >&2\n    exit 1\nfi\n# This output is used by Xcode 'outputs' to avoid re-running this script phase.\necho \"SUCCESS\" > \"${SCRIPT_OUTPUT_FILE_0}\"\n";
			showEnvVarsInLog = 0;
		};
		48566301C3FA9D3B878F6EDD /* [CP] Embed Pods Frameworks */ = {
			isa = PBXShellScriptBuildPhase;
			buildActionMask = 2147483647;
			files = (
			);
			inputFileListPaths = (
				"${PODS_ROOT}/Target Support Files/Pods-LISManager-LISManagerUITests/Pods-LISManager-LISManagerUITests-frameworks-${CONFIGURATION}-input-files.xcfilelist",
			);
			name = "[CP] Embed Pods Frameworks";
			outputFileListPaths = (
				"${PODS_ROOT}/Target Support Files/Pods-LISManager-LISManagerUITests/Pods-LISManager-LISManagerUITests-frameworks-${CONFIGURATION}-output-files.xcfilelist",
			);
			runOnlyForDeploymentPostprocessing = 0;
			shellPath = /bin/sh;
			shellScript = "\"${PODS_ROOT}/Target Support Files/Pods-LISManager-LISManagerUITests/Pods-LISManager-LISManagerUITests-frameworks.sh\"\n";
			showEnvVarsInLog = 0;
		};
		4F8321D970651B0B980EFFA0 /* [CP] Check Pods Manifest.lock */ = {
			isa = PBXShellScriptBuildPhase;
			buildActionMask = 2147483647;
			files = (
			);
			inputFileListPaths = (
			);
			inputPaths = (
				"${PODS_PODFILE_DIR_PATH}/Podfile.lock",
				"${PODS_ROOT}/Manifest.lock",
			);
			name = "[CP] Check Pods Manifest.lock";
			outputFileListPaths = (
			);
			outputPaths = (
				"$(DERIVED_FILE_DIR)/Pods-LISManager-LISManagerUITests-checkManifestLockResult.txt",
			);
			runOnlyForDeploymentPostprocessing = 0;
			shellPath = /bin/sh;
			shellScript = "diff \"${PODS_PODFILE_DIR_PATH}/Podfile.lock\" \"${PODS_ROOT}/Manifest.lock\" > /dev/null\nif [ $? != 0 ] ; then\n    # print error to STDERR\n    echo \"error: The sandbox is not in sync with the Podfile.lock. Run 'pod install' or update your CocoaPods installation.\" >&2\n    exit 1\nfi\n# This output is used by Xcode 'outputs' to avoid re-running this script phase.\necho \"SUCCESS\" > \"${SCRIPT_OUTPUT_FILE_0}\"\n";
			showEnvVarsInLog = 0;
		};
		949363BB95C36B57A0E5780C /* [CP] Check Pods Manifest.lock */ = {
			isa = PBXShellScriptBuildPhase;
			buildActionMask = 2147483647;
			files = (
			);
			inputFileListPaths = (
			);
			inputPaths = (
				"${PODS_PODFILE_DIR_PATH}/Podfile.lock",
				"${PODS_ROOT}/Manifest.lock",
			);
			name = "[CP] Check Pods Manifest.lock";
			outputFileListPaths = (
			);
			outputPaths = (
				"$(DERIVED_FILE_DIR)/Pods-LISManager-checkManifestLockResult.txt",
			);
			runOnlyForDeploymentPostprocessing = 0;
			shellPath = /bin/sh;
			shellScript = "diff \"${PODS_PODFILE_DIR_PATH}/Podfile.lock\" \"${PODS_ROOT}/Manifest.lock\" > /dev/null\nif [ $? != 0 ] ; then\n    # print error to STDERR\n    echo \"error: The sandbox is not in sync with the Podfile.lock. Run 'pod install' or update your CocoaPods installation.\" >&2\n    exit 1\nfi\n# This output is used by Xcode 'outputs' to avoid re-running this script phase.\necho \"SUCCESS\" > \"${SCRIPT_OUTPUT_FILE_0}\"\n";
			showEnvVarsInLog = 0;
		};
		B31357D64C2570A40BE98224 /* [CP] Embed Pods Frameworks */ = {
			isa = PBXShellScriptBuildPhase;
			buildActionMask = 2147483647;
			files = (
			);
			inputFileListPaths = (
				"${PODS_ROOT}/Target Support Files/Pods-LISManager/Pods-LISManager-frameworks-${CONFIGURATION}-input-files.xcfilelist",
			);
			name = "[CP] Embed Pods Frameworks";
			outputFileListPaths = (
				"${PODS_ROOT}/Target Support Files/Pods-LISManager/Pods-LISManager-frameworks-${CONFIGURATION}-output-files.xcfilelist",
			);
			runOnlyForDeploymentPostprocessing = 0;
			shellPath = /bin/sh;
			shellScript = "\"${PODS_ROOT}/Target Support Files/Pods-LISManager/Pods-LISManager-frameworks.sh\"\n";
			showEnvVarsInLog = 0;
		};
		B98AFB0D65E995D02C11E77B /* [CP] Check Pods Manifest.lock */ = {
			isa = PBXShellScriptBuildPhase;
			buildActionMask = 2147483647;
			files = (
			);
			inputFileListPaths = (
			);
			inputPaths = (
				"${PODS_PODFILE_DIR_PATH}/Podfile.lock",
				"${PODS_ROOT}/Manifest.lock",
			);
			name = "[CP] Check Pods Manifest.lock";
			outputFileListPaths = (
			);
			outputPaths = (
				"$(DERIVED_FILE_DIR)/Pods-LISManagerTests-checkManifestLockResult.txt",
			);
			runOnlyForDeploymentPostprocessing = 0;
			shellPath = /bin/sh;
			shellScript = "diff \"${PODS_PODFILE_DIR_PATH}/Podfile.lock\" \"${PODS_ROOT}/Manifest.lock\" > /dev/null\nif [ $? != 0 ] ; then\n    # print error to STDERR\n    echo \"error: The sandbox is not in sync with the Podfile.lock. Run 'pod install' or update your CocoaPods installation.\" >&2\n    exit 1\nfi\n# This output is used by Xcode 'outputs' to avoid re-running this script phase.\necho \"SUCCESS\" > \"${SCRIPT_OUTPUT_FILE_0}\"\n";
			showEnvVarsInLog = 0;
		};
		DA916AA86622CB31F5335C3D /* [CP] Check Pods Manifest.lock */ = {
			isa = PBXShellScriptBuildPhase;
			buildActionMask = 2147483647;
			files = (
			);
			inputFileListPaths = (
			);
			inputPaths = (
				"${PODS_PODFILE_DIR_PATH}/Podfile.lock",
				"${PODS_ROOT}/Manifest.lock",
			);
			name = "[CP] Check Pods Manifest.lock";
			outputFileListPaths = (
			);
			outputPaths = (
				"$(DERIVED_FILE_DIR)/Pods-LISKitTests-checkManifestLockResult.txt",
			);
			runOnlyForDeploymentPostprocessing = 0;
			shellPath = /bin/sh;
			shellScript = "diff \"${PODS_PODFILE_DIR_PATH}/Podfile.lock\" \"${PODS_ROOT}/Manifest.lock\" > /dev/null\nif [ $? != 0 ] ; then\n    # print error to STDERR\n    echo \"error: The sandbox is not in sync with the Podfile.lock. Run 'pod install' or update your CocoaPods installation.\" >&2\n    exit 1\nfi\n# This output is used by Xcode 'outputs' to avoid re-running this script phase.\necho \"SUCCESS\" > \"${SCRIPT_OUTPUT_FILE_0}\"\n";
			showEnvVarsInLog = 0;
		};
		EB3F28BF255081C900C84C47 /* Run SwiftLint */ = {
			isa = PBXShellScriptBuildPhase;
			buildActionMask = 2147483647;
			files = (
			);
			inputFileListPaths = (
			);
			inputPaths = (
			);
			name = "Run SwiftLint";
			outputFileListPaths = (
			);
			outputPaths = (
			);
			runOnlyForDeploymentPostprocessing = 0;
			shellPath = /bin/sh;
			shellScript = "\"${PODS_ROOT}/SwiftLint/swiftlint\"\n";
		};
		EBB5D871253F1FB600F87A04 /* Compile Flatbuffers */ = {
			isa = PBXShellScriptBuildPhase;
			buildActionMask = 2147483647;
			files = (
			);
			inputFileListPaths = (
			);
			inputPaths = (
				"$(SRCROOT)/../../flatbuffers/echo.fbs",
				"$(SRCROOT)/../../flatbuffers/test_result.fbs",
			);
			name = "Compile Flatbuffers";
			outputFileListPaths = (
			);
			outputPaths = (
				"$(SRCROOT)/LISKit/echo_generated.swift",
				"$(SRCROOT)/LISKit/test_result_generated.swift",
			);
			runOnlyForDeploymentPostprocessing = 0;
			shellPath = /bin/sh;
			shellScript = "echo $SCRIPT_INPUT_FILE_0\necho $SRCROOT\necho $DERIVED_FILE_DIR\nflatc --swift -o $SRCROOT/LISKit/ $SCRIPT_INPUT_FILE_0\nflatc --swift -o $SRCROOT/LISKit/ $SCRIPT_INPUT_FILE_1\n";
		};
/* End PBXShellScriptBuildPhase section */

/* Begin PBXSourcesBuildPhase section */
		EBA78C6E253D0B100007B23C /* Sources */ = {
			isa = PBXSourcesBuildPhase;
			buildActionMask = 2147483647;
			files = (
				EB3D3302253F68AF000F5A84 /* test_result_generated.swift in Sources */,
				EBB5D8A7253F24F800F87A04 /* echo_generated.swift in Sources */,
				EB7B8BED253EEE660040B56E /* MemoryDeviceRepository.swift in Sources */,
				EB9B78B7253E062C00FCAB10 /* BluetoothDevice.swift in Sources */,
				EB7B8BE8253EEDF60040B56E /* DeviceRepository.swift in Sources */,
				EB71A1CE253E74E00079F73A /* ConnectionStatus.swift in Sources */,
				EB71A1DE253E76E30079F73A /* LISDeviceEntity+ConnectionStatus.swift in Sources */,
				EB71A1C8253E73CD0079F73A /* LISKit.xcdatamodeld in Sources */,
				EBA78CB6253D0C240007B23C /* BluetoothManager.swift in Sources */,
			);
			runOnlyForDeploymentPostprocessing = 0;
		};
		EBA78C76253D0B100007B23C /* Sources */ = {
			isa = PBXSourcesBuildPhase;
			buildActionMask = 2147483647;
			files = (
				EBA78C80253D0B100007B23C /* LISKitTests.swift in Sources */,
			);
			runOnlyForDeploymentPostprocessing = 0;
		};
		EBAFE434253A114200BF8868 /* Sources */ = {
			isa = PBXSourcesBuildPhase;
			buildActionMask = 2147483647;
			files = (
				EB9B788A253DF8C100FCAB10 /* LocationInformationViewModel.swift in Sources */,
				EB18F8D52547472700745A59 /* InitialTestFlowView.swift in Sources */,
				EB18F8F72547477D00745A59 /* SampleBarcodeView.swift in Sources */,
				EB9B7896253E026900FCAB10 /* MainView.swift in Sources */,
				EB6332152541EB68002FFA25 /* PatientEntity+Extensions.swift in Sources */,
				EB9B78BD253E06D000FCAB10 /* DeviceRow.swift in Sources */,
				EB2297B72542279D002332AB /* OrderView.swift in Sources */,
				EB18F9012547624800745A59 /* CoreDataDeviceRepository.swift in Sources */,
				EBAFE495253A161200BF8868 /* FullscreenButton.swift in Sources */,
				EBAFE4A2253A1A3600BF8868 /* LocationInformation.swift in Sources */,
				EBAFE47E253A136700BF8868 /* PreferencesManager.swift in Sources */,
				EBAFE4A7253A1B7900BF8868 /* LocationManager.swift in Sources */,
				EBDC8C2725409E8300D69DAD /* BarcodeScanner.swift in Sources */,
				EB2297D82543156C002332AB /* TimerView.swift in Sources */,
				EB9B78A6253E047600FCAB10 /* DevicesView.swift in Sources */,
				EB9B7890253DF95100FCAB10 /* FormValidationHelpers.swift in Sources */,
				EBAFE48F253A158B00BF8868 /* InitialOnboardingView.swift in Sources */,
				EBAFE43C253A114200BF8868 /* AppDelegate.swift in Sources */,
				EBAFE43E253A114200BF8868 /* SceneDelegate.swift in Sources */,
				EB9B78C5253E0CE700FCAB10 /* DeviceAddView.swift in Sources */,
				EB6332102541EA00002FFA25 /* PersonHeader.swift in Sources */,
				EB3D3307253F7D97000F5A84 /* Protocols+Extensions.swift in Sources */,
				EBC76EA4254857B000D0B4B8 /* DeviceEntity+Extensions.swift in Sources */,
				EB18F8D02547391A00745A59 /* TestFlowView.swift in Sources */,
				EBC76EC425489F0700D0B4B8 /* TimePicker.swift in Sources */,
				EB6332252541EFBF002FFA25 /* QRCodeView.swift in Sources */,
				EB45ACBD253F2E9D00EC2D64 /* ResultsView.swift in Sources */,
				10EDAFC12550A8DE009FDA96 /* SettingsView.swift in Sources */,
				EBDC8C2F25409F7800D69DAD /* CameraViewController.swift in Sources */,
				EBC5DD10254350E800637D42 /* ResultsManager.swift in Sources */,
				EBDC8C2125409E5A00D69DAD /* PatientListView.swift in Sources */,
				EBAFE443253A114200BF8868 /* LISManager.xcdatamodeld in Sources */,
				EBAFE487253A152E00BF8868 /* MainOnboardingView.swift in Sources */,
				EB856FD72541B9D2008996F6 /* PatientAddView.swift in Sources */,
				EB18F8FC2547479500745A59 /* FinishTestFlowView.swift in Sources */,
				EBD24E112540CC42002A3E15 /* FormReader.swift in Sources */,
				EBAFE49D253A166A00BF8868 /* ActivityIndicator.swift in Sources */,
				EB856FDF2541B9F8008996F6 /* PatientAddModel.swift in Sources */,
				EB6331FE2541E770002FFA25 /* PatientDetailView.swift in Sources */,
				EB18F8EA2547476800745A59 /* PatientBarcodeView.swift in Sources */,
				EBC76EC92548A12800D0B4B8 /* TestFlowModel.swift in Sources */,
				EB3D330C253F7E45000F5A84 /* ResultRow.swift in Sources */,
				EB3D3319253F86E1000F5A84 /* ResultDetailView.swift in Sources */,
				EB18F8DD2547473700745A59 /* SampleScanView.swift in Sources */,
				EBAFE440253A114200BF8868 /* ContentView.swift in Sources */,
				EB6332082541E7C7002FFA25 /* InitialsView.swift in Sources */,
				EB2297C025422998002332AB /* OrderCellView.swift in Sources */,
			);
			runOnlyForDeploymentPostprocessing = 0;
		};
		EBAFE44D253A114500BF8868 /* Sources */ = {
			isa = PBXSourcesBuildPhase;
			buildActionMask = 2147483647;
			files = (
				EBAFE456253A114500BF8868 /* LISManagerTests.swift in Sources */,
				EB856FEF2541C4BA008996F6 /* PatientAddTests.swift in Sources */,
			);
			runOnlyForDeploymentPostprocessing = 0;
		};
		EBAFE458253A114500BF8868 /* Sources */ = {
			isa = PBXSourcesBuildPhase;
			buildActionMask = 2147483647;
			files = (
				EBAFE461253A114500BF8868 /* LISManagerUITests.swift in Sources */,
			);
			runOnlyForDeploymentPostprocessing = 0;
		};
/* End PBXSourcesBuildPhase section */

/* Begin PBXTargetDependency section */
		EB9B78AE253E048400FCAB10 /* PBXTargetDependency */ = {
			isa = PBXTargetDependency;
			target = EBA78C71253D0B100007B23C /* LISKit */;
			targetProxy = EB9B78AD253E048400FCAB10 /* PBXContainerItemProxy */;
		};
		EBA78C7D253D0B100007B23C /* PBXTargetDependency */ = {
			isa = PBXTargetDependency;
			target = EBA78C71253D0B100007B23C /* LISKit */;
			targetProxy = EBA78C7C253D0B100007B23C /* PBXContainerItemProxy */;
		};
		EBAFE453253A114500BF8868 /* PBXTargetDependency */ = {
			isa = PBXTargetDependency;
			target = EBAFE437253A114200BF8868 /* LISManager */;
			targetProxy = EBAFE452253A114500BF8868 /* PBXContainerItemProxy */;
		};
		EBAFE45E253A114500BF8868 /* PBXTargetDependency */ = {
			isa = PBXTargetDependency;
			target = EBAFE437253A114200BF8868 /* LISManager */;
			targetProxy = EBAFE45D253A114500BF8868 /* PBXContainerItemProxy */;
		};
/* End PBXTargetDependency section */

/* Begin PBXVariantGroup section */
		EBAFE449253A114500BF8868 /* LaunchScreen.storyboard */ = {
			isa = PBXVariantGroup;
			children = (
				EBAFE44A253A114500BF8868 /* Base */,
			);
			name = LaunchScreen.storyboard;
			sourceTree = "<group>";
		};
/* End PBXVariantGroup section */

/* Begin XCBuildConfiguration section */
		EBA78C84253D0B100007B23C /* Debug */ = {
			isa = XCBuildConfiguration;
			baseConfigurationReference = D35E4C8CB51A1399ED60467D /* Pods-LISKit.debug.xcconfig */;
			buildSettings = {
				ALWAYS_EMBED_SWIFT_STANDARD_LIBRARIES = "$(inherited)";
				CLANG_ENABLE_MODULES = YES;
				CODE_SIGN_STYLE = Automatic;
				CURRENT_PROJECT_VERSION = 1;
				DEFINES_MODULE = YES;
				DEVELOPMENT_TEAM = LA5NXUEM2C;
				DYLIB_COMPATIBILITY_VERSION = 1;
				DYLIB_CURRENT_VERSION = 1;
				DYLIB_INSTALL_NAME_BASE = "@rpath";
				INFOPLIST_FILE = LISKit/Info.plist;
				INSTALL_PATH = "$(LOCAL_LIBRARY_DIR)/Frameworks";
				IPHONEOS_DEPLOYMENT_TARGET = 13.3;
				LD_RUNPATH_SEARCH_PATHS = (
					"$(inherited)",
					"@executable_path/Frameworks",
					"@loader_path/Frameworks",
				);
				PRODUCT_BUNDLE_IDENTIFIER = "com.nickrobison.iot-lis.LISKit";
				PRODUCT_NAME = "$(TARGET_NAME:c99extidentifier)";
				SDKROOT = iphoneos;
				SKIP_INSTALL = YES;
				SUPPORTED_PLATFORMS = "iphonesimulator iphoneos";
				SWIFT_OPTIMIZATION_LEVEL = "-Onone";
				SWIFT_VERSION = 5.0;
				TARGETED_DEVICE_FAMILY = "1,2";
				VERSIONING_SYSTEM = "apple-generic";
				VERSION_INFO_PREFIX = "";
			};
			name = Debug;
		};
		EBA78C85253D0B100007B23C /* Release */ = {
			isa = XCBuildConfiguration;
			baseConfigurationReference = CE50501CF59E9FE29565CB30 /* Pods-LISKit.release.xcconfig */;
			buildSettings = {
				ALWAYS_EMBED_SWIFT_STANDARD_LIBRARIES = "$(inherited)";
				CLANG_ENABLE_MODULES = YES;
				CODE_SIGN_STYLE = Automatic;
				CURRENT_PROJECT_VERSION = 1;
				DEFINES_MODULE = YES;
				DEVELOPMENT_TEAM = LA5NXUEM2C;
				DYLIB_COMPATIBILITY_VERSION = 1;
				DYLIB_CURRENT_VERSION = 1;
				DYLIB_INSTALL_NAME_BASE = "@rpath";
				INFOPLIST_FILE = LISKit/Info.plist;
				INSTALL_PATH = "$(LOCAL_LIBRARY_DIR)/Frameworks";
				IPHONEOS_DEPLOYMENT_TARGET = 13.3;
				LD_RUNPATH_SEARCH_PATHS = (
					"$(inherited)",
					"@executable_path/Frameworks",
					"@loader_path/Frameworks",
				);
				PRODUCT_BUNDLE_IDENTIFIER = "com.nickrobison.iot-lis.LISKit";
				PRODUCT_NAME = "$(TARGET_NAME:c99extidentifier)";
				SDKROOT = iphoneos;
				SKIP_INSTALL = YES;
				SUPPORTED_PLATFORMS = "iphonesimulator iphoneos";
				SWIFT_VERSION = 5.0;
				TARGETED_DEVICE_FAMILY = "1,2";
				VERSIONING_SYSTEM = "apple-generic";
				VERSION_INFO_PREFIX = "";
			};
			name = Release;
		};
		EBA78C87253D0B100007B23C /* Debug */ = {
			isa = XCBuildConfiguration;
			baseConfigurationReference = D3302260487A145EC202852F /* Pods-LISKitTests.debug.xcconfig */;
			buildSettings = {
				ALWAYS_EMBED_SWIFT_STANDARD_LIBRARIES = "$(inherited)";
				CODE_SIGN_STYLE = Automatic;
				DEVELOPMENT_TEAM = LA5NXUEM2C;
				INFOPLIST_FILE = LISKitTests/Info.plist;
				IPHONEOS_DEPLOYMENT_TARGET = 14.0;
				LD_RUNPATH_SEARCH_PATHS = (
					"$(inherited)",
					"@executable_path/Frameworks",
					"@loader_path/Frameworks",
				);
				PRODUCT_BUNDLE_IDENTIFIER = "com.nickrobison.iot-lis.LISKitTests";
				PRODUCT_NAME = "$(TARGET_NAME)";
				SWIFT_VERSION = 5.0;
				TARGETED_DEVICE_FAMILY = "1,2";
			};
			name = Debug;
		};
		EBA78C88253D0B100007B23C /* Release */ = {
			isa = XCBuildConfiguration;
			baseConfigurationReference = 0683FBFC155649207EA722C1 /* Pods-LISKitTests.release.xcconfig */;
			buildSettings = {
				ALWAYS_EMBED_SWIFT_STANDARD_LIBRARIES = "$(inherited)";
				CODE_SIGN_STYLE = Automatic;
				DEVELOPMENT_TEAM = LA5NXUEM2C;
				INFOPLIST_FILE = LISKitTests/Info.plist;
				IPHONEOS_DEPLOYMENT_TARGET = 14.0;
				LD_RUNPATH_SEARCH_PATHS = (
					"$(inherited)",
					"@executable_path/Frameworks",
					"@loader_path/Frameworks",
				);
				PRODUCT_BUNDLE_IDENTIFIER = "com.nickrobison.iot-lis.LISKitTests";
				PRODUCT_NAME = "$(TARGET_NAME)";
				SWIFT_VERSION = 5.0;
				TARGETED_DEVICE_FAMILY = "1,2";
			};
			name = Release;
		};
		EBAFE463253A114500BF8868 /* Debug */ = {
			isa = XCBuildConfiguration;
			buildSettings = {
				ALWAYS_SEARCH_USER_PATHS = NO;
				CLANG_ANALYZER_NONNULL = YES;
				CLANG_ANALYZER_NUMBER_OBJECT_CONVERSION = YES_AGGRESSIVE;
				CLANG_CXX_LANGUAGE_STANDARD = "gnu++14";
				CLANG_CXX_LIBRARY = "libc++";
				CLANG_ENABLE_MODULES = YES;
				CLANG_ENABLE_OBJC_ARC = YES;
				CLANG_ENABLE_OBJC_WEAK = YES;
				CLANG_WARN_BLOCK_CAPTURE_AUTORELEASING = YES;
				CLANG_WARN_BOOL_CONVERSION = YES;
				CLANG_WARN_COMMA = YES;
				CLANG_WARN_CONSTANT_CONVERSION = YES;
				CLANG_WARN_DEPRECATED_OBJC_IMPLEMENTATIONS = YES;
				CLANG_WARN_DIRECT_OBJC_ISA_USAGE = YES_ERROR;
				CLANG_WARN_DOCUMENTATION_COMMENTS = YES;
				CLANG_WARN_EMPTY_BODY = YES;
				CLANG_WARN_ENUM_CONVERSION = YES;
				CLANG_WARN_INFINITE_RECURSION = YES;
				CLANG_WARN_INT_CONVERSION = YES;
				CLANG_WARN_NON_LITERAL_NULL_CONVERSION = YES;
				CLANG_WARN_OBJC_IMPLICIT_RETAIN_SELF = YES;
				CLANG_WARN_OBJC_LITERAL_CONVERSION = YES;
				CLANG_WARN_OBJC_ROOT_CLASS = YES_ERROR;
				CLANG_WARN_QUOTED_INCLUDE_IN_FRAMEWORK_HEADER = YES;
				CLANG_WARN_RANGE_LOOP_ANALYSIS = YES;
				CLANG_WARN_STRICT_PROTOTYPES = YES;
				CLANG_WARN_SUSPICIOUS_MOVE = YES;
				CLANG_WARN_UNGUARDED_AVAILABILITY = YES_AGGRESSIVE;
				CLANG_WARN_UNREACHABLE_CODE = YES;
				CLANG_WARN__DUPLICATE_METHOD_MATCH = YES;
				COPY_PHASE_STRIP = NO;
				DEBUG_INFORMATION_FORMAT = dwarf;
				ENABLE_STRICT_OBJC_MSGSEND = YES;
				ENABLE_TESTABILITY = YES;
				GCC_C_LANGUAGE_STANDARD = gnu11;
				GCC_DYNAMIC_NO_PIC = NO;
				GCC_NO_COMMON_BLOCKS = YES;
				GCC_OPTIMIZATION_LEVEL = 0;
				GCC_PREPROCESSOR_DEFINITIONS = (
					"DEBUG=1",
					"$(inherited)",
				);
				GCC_WARN_64_TO_32_BIT_CONVERSION = YES;
				GCC_WARN_ABOUT_RETURN_TYPE = YES_ERROR;
				GCC_WARN_UNDECLARED_SELECTOR = YES;
				GCC_WARN_UNINITIALIZED_AUTOS = YES_AGGRESSIVE;
				GCC_WARN_UNUSED_FUNCTION = YES;
				GCC_WARN_UNUSED_VARIABLE = YES;
				IPHONEOS_DEPLOYMENT_TARGET = 13.3;
				MACOSX_DEPLOYMENT_TARGET = 10.15;
				MTL_ENABLE_DEBUG_INFO = INCLUDE_SOURCE;
				MTL_FAST_MATH = YES;
				ONLY_ACTIVE_ARCH = YES;
				SDKROOT = iphoneos;
				SWIFT_ACTIVE_COMPILATION_CONDITIONS = DEBUG;
				SWIFT_OPTIMIZATION_LEVEL = "-Onone";
			};
			name = Debug;
		};
		EBAFE464253A114500BF8868 /* Release */ = {
			isa = XCBuildConfiguration;
			buildSettings = {
				ALWAYS_SEARCH_USER_PATHS = NO;
				CLANG_ANALYZER_NONNULL = YES;
				CLANG_ANALYZER_NUMBER_OBJECT_CONVERSION = YES_AGGRESSIVE;
				CLANG_CXX_LANGUAGE_STANDARD = "gnu++14";
				CLANG_CXX_LIBRARY = "libc++";
				CLANG_ENABLE_MODULES = YES;
				CLANG_ENABLE_OBJC_ARC = YES;
				CLANG_ENABLE_OBJC_WEAK = YES;
				CLANG_WARN_BLOCK_CAPTURE_AUTORELEASING = YES;
				CLANG_WARN_BOOL_CONVERSION = YES;
				CLANG_WARN_COMMA = YES;
				CLANG_WARN_CONSTANT_CONVERSION = YES;
				CLANG_WARN_DEPRECATED_OBJC_IMPLEMENTATIONS = YES;
				CLANG_WARN_DIRECT_OBJC_ISA_USAGE = YES_ERROR;
				CLANG_WARN_DOCUMENTATION_COMMENTS = YES;
				CLANG_WARN_EMPTY_BODY = YES;
				CLANG_WARN_ENUM_CONVERSION = YES;
				CLANG_WARN_INFINITE_RECURSION = YES;
				CLANG_WARN_INT_CONVERSION = YES;
				CLANG_WARN_NON_LITERAL_NULL_CONVERSION = YES;
				CLANG_WARN_OBJC_IMPLICIT_RETAIN_SELF = YES;
				CLANG_WARN_OBJC_LITERAL_CONVERSION = YES;
				CLANG_WARN_OBJC_ROOT_CLASS = YES_ERROR;
				CLANG_WARN_QUOTED_INCLUDE_IN_FRAMEWORK_HEADER = YES;
				CLANG_WARN_RANGE_LOOP_ANALYSIS = YES;
				CLANG_WARN_STRICT_PROTOTYPES = YES;
				CLANG_WARN_SUSPICIOUS_MOVE = YES;
				CLANG_WARN_UNGUARDED_AVAILABILITY = YES_AGGRESSIVE;
				CLANG_WARN_UNREACHABLE_CODE = YES;
				CLANG_WARN__DUPLICATE_METHOD_MATCH = YES;
				COPY_PHASE_STRIP = NO;
				DEBUG_INFORMATION_FORMAT = "dwarf-with-dsym";
				ENABLE_NS_ASSERTIONS = NO;
				ENABLE_STRICT_OBJC_MSGSEND = YES;
				GCC_C_LANGUAGE_STANDARD = gnu11;
				GCC_NO_COMMON_BLOCKS = YES;
				GCC_WARN_64_TO_32_BIT_CONVERSION = YES;
				GCC_WARN_ABOUT_RETURN_TYPE = YES_ERROR;
				GCC_WARN_UNDECLARED_SELECTOR = YES;
				GCC_WARN_UNINITIALIZED_AUTOS = YES_AGGRESSIVE;
				GCC_WARN_UNUSED_FUNCTION = YES;
				GCC_WARN_UNUSED_VARIABLE = YES;
				IPHONEOS_DEPLOYMENT_TARGET = 13.3;
				MACOSX_DEPLOYMENT_TARGET = 10.15;
				MTL_ENABLE_DEBUG_INFO = NO;
				MTL_FAST_MATH = YES;
				SDKROOT = iphoneos;
				SWIFT_COMPILATION_MODE = wholemodule;
				SWIFT_OPTIMIZATION_LEVEL = "-O";
				VALIDATE_PRODUCT = YES;
			};
			name = Release;
		};
		EBAFE466253A114500BF8868 /* Debug */ = {
			isa = XCBuildConfiguration;
			baseConfigurationReference = E871CE5A60AA96D670025006 /* Pods-LISManager.debug.xcconfig */;
			buildSettings = {
				ASSETCATALOG_COMPILER_APPICON_NAME = AppIcon;
				ASSETCATALOG_COMPILER_GLOBAL_ACCENT_COLOR_NAME = AccentColor;
				CODE_SIGN_ENTITLEMENTS = LISManager/LISManager.entitlements;
				"CODE_SIGN_IDENTITY[sdk=macosx*]" = "-";
				CODE_SIGN_STYLE = Automatic;
				DEVELOPMENT_ASSET_PATHS = "LISManager/Preview\\ Content";
				DEVELOPMENT_TEAM = LA5NXUEM2C;
				ENABLE_PREVIEWS = YES;
				INFOPLIST_FILE = LISManager/Info.plist;
				IPHONEOS_DEPLOYMENT_TARGET = 13.3;
				LD_RUNPATH_SEARCH_PATHS = (
					"$(inherited)",
					"@executable_path/Frameworks",
				);
				PRODUCT_BUNDLE_IDENTIFIER = "com.nickrobison.iot-lis.LISManager";
				PRODUCT_NAME = "$(TARGET_NAME)";
				SUPPORTS_MACCATALYST = NO;
				SWIFT_VERSION = 5.0;
				TARGETED_DEVICE_FAMILY = "1,2";
			};
			name = Debug;
		};
		EBAFE467253A114500BF8868 /* Release */ = {
			isa = XCBuildConfiguration;
			baseConfigurationReference = 01C8FCA30DF5080D239F9865 /* Pods-LISManager.release.xcconfig */;
			buildSettings = {
				ASSETCATALOG_COMPILER_APPICON_NAME = AppIcon;
				ASSETCATALOG_COMPILER_GLOBAL_ACCENT_COLOR_NAME = AccentColor;
				CODE_SIGN_ENTITLEMENTS = LISManager/LISManager.entitlements;
				CODE_SIGN_STYLE = Automatic;
				DEVELOPMENT_ASSET_PATHS = "LISManager/Preview\\ Content";
				DEVELOPMENT_TEAM = LA5NXUEM2C;
				ENABLE_PREVIEWS = YES;
				INFOPLIST_FILE = LISManager/Info.plist;
				IPHONEOS_DEPLOYMENT_TARGET = 13.3;
				LD_RUNPATH_SEARCH_PATHS = (
					"$(inherited)",
					"@executable_path/Frameworks",
				);
				PRODUCT_BUNDLE_IDENTIFIER = "com.nickrobison.iot-lis.LISManager";
				PRODUCT_NAME = "$(TARGET_NAME)";
				SUPPORTS_MACCATALYST = NO;
				SWIFT_VERSION = 5.0;
				TARGETED_DEVICE_FAMILY = "1,2";
			};
			name = Release;
		};
		EBAFE469253A114500BF8868 /* Debug */ = {
			isa = XCBuildConfiguration;
			baseConfigurationReference = 82D0112A6E95CA7F7FDE5763 /* Pods-LISManagerTests.debug.xcconfig */;
			buildSettings = {
				ALWAYS_EMBED_SWIFT_STANDARD_LIBRARIES = YES;
				BUNDLE_LOADER = "$(TEST_HOST)";
				CODE_SIGN_STYLE = Automatic;
				INFOPLIST_FILE = LISManagerTests/Info.plist;
				IPHONEOS_DEPLOYMENT_TARGET = 13.3;
				LD_RUNPATH_SEARCH_PATHS = (
					"$(inherited)",
					"@executable_path/Frameworks",
					"@loader_path/Frameworks",
				);
				PRODUCT_BUNDLE_IDENTIFIER = "com.nickrobison.iot-lis.LISManagerTests";
				PRODUCT_NAME = "$(TARGET_NAME)";
				SWIFT_VERSION = 5.0;
				TARGETED_DEVICE_FAMILY = "1,2";
				TEST_HOST = "$(BUILT_PRODUCTS_DIR)/LISManager.app/LISManager";
			};
			name = Debug;
		};
		EBAFE46A253A114500BF8868 /* Release */ = {
			isa = XCBuildConfiguration;
			baseConfigurationReference = 149E75223CC0AAC8C3E16552 /* Pods-LISManagerTests.release.xcconfig */;
			buildSettings = {
				ALWAYS_EMBED_SWIFT_STANDARD_LIBRARIES = YES;
				BUNDLE_LOADER = "$(TEST_HOST)";
				CODE_SIGN_STYLE = Automatic;
				INFOPLIST_FILE = LISManagerTests/Info.plist;
				IPHONEOS_DEPLOYMENT_TARGET = 13.3;
				LD_RUNPATH_SEARCH_PATHS = (
					"$(inherited)",
					"@executable_path/Frameworks",
					"@loader_path/Frameworks",
				);
				PRODUCT_BUNDLE_IDENTIFIER = "com.nickrobison.iot-lis.LISManagerTests";
				PRODUCT_NAME = "$(TARGET_NAME)";
				SWIFT_VERSION = 5.0;
				TARGETED_DEVICE_FAMILY = "1,2";
				TEST_HOST = "$(BUILT_PRODUCTS_DIR)/LISManager.app/LISManager";
			};
			name = Release;
		};
		EBAFE46C253A114500BF8868 /* Debug */ = {
			isa = XCBuildConfiguration;
			baseConfigurationReference = AFDAA4C09191C39746EFF8DD /* Pods-LISManager-LISManagerUITests.debug.xcconfig */;
			buildSettings = {
				ALWAYS_EMBED_SWIFT_STANDARD_LIBRARIES = "$(inherited)";
				"CODE_SIGN_IDENTITY[sdk=macosx*]" = "-";
				CODE_SIGN_STYLE = Automatic;
				DEVELOPMENT_TEAM = LA5NXUEM2C;
				INFOPLIST_FILE = LISManagerUITests/Info.plist;
				LD_RUNPATH_SEARCH_PATHS = (
					"$(inherited)",
					"@executable_path/Frameworks",
					"@loader_path/Frameworks",
				);
				PRODUCT_BUNDLE_IDENTIFIER = "com.nickrobison.iot-lis.LISManagerUITests";
				PRODUCT_NAME = "$(TARGET_NAME)";
				SWIFT_VERSION = 5.0;
				TARGETED_DEVICE_FAMILY = "1,2";
				TEST_TARGET_NAME = LISManager;
			};
			name = Debug;
		};
		EBAFE46D253A114500BF8868 /* Release */ = {
			isa = XCBuildConfiguration;
			baseConfigurationReference = C348A028A43B1C90FAC1F647 /* Pods-LISManager-LISManagerUITests.release.xcconfig */;
			buildSettings = {
				ALWAYS_EMBED_SWIFT_STANDARD_LIBRARIES = "$(inherited)";
				"CODE_SIGN_IDENTITY[sdk=macosx*]" = "-";
				CODE_SIGN_STYLE = Automatic;
				DEVELOPMENT_TEAM = LA5NXUEM2C;
				INFOPLIST_FILE = LISManagerUITests/Info.plist;
				LD_RUNPATH_SEARCH_PATHS = (
					"$(inherited)",
					"@executable_path/Frameworks",
					"@loader_path/Frameworks",
				);
				PRODUCT_BUNDLE_IDENTIFIER = "com.nickrobison.iot-lis.LISManagerUITests";
				PRODUCT_NAME = "$(TARGET_NAME)";
				SWIFT_VERSION = 5.0;
				TARGETED_DEVICE_FAMILY = "1,2";
				TEST_TARGET_NAME = LISManager;
			};
			name = Release;
		};
/* End XCBuildConfiguration section */

/* Begin XCConfigurationList section */
		EBA78C83253D0B100007B23C /* Build configuration list for PBXNativeTarget "LISKit" */ = {
			isa = XCConfigurationList;
			buildConfigurations = (
				EBA78C84253D0B100007B23C /* Debug */,
				EBA78C85253D0B100007B23C /* Release */,
			);
			defaultConfigurationIsVisible = 0;
			defaultConfigurationName = Release;
		};
		EBA78C86253D0B100007B23C /* Build configuration list for PBXNativeTarget "LISKitTests" */ = {
			isa = XCConfigurationList;
			buildConfigurations = (
				EBA78C87253D0B100007B23C /* Debug */,
				EBA78C88253D0B100007B23C /* Release */,
			);
			defaultConfigurationIsVisible = 0;
			defaultConfigurationName = Release;
		};
		EBAFE433253A114200BF8868 /* Build configuration list for PBXProject "LISManager" */ = {
			isa = XCConfigurationList;
			buildConfigurations = (
				EBAFE463253A114500BF8868 /* Debug */,
				EBAFE464253A114500BF8868 /* Release */,
			);
			defaultConfigurationIsVisible = 0;
			defaultConfigurationName = Release;
		};
		EBAFE465253A114500BF8868 /* Build configuration list for PBXNativeTarget "LISManager" */ = {
			isa = XCConfigurationList;
			buildConfigurations = (
				EBAFE466253A114500BF8868 /* Debug */,
				EBAFE467253A114500BF8868 /* Release */,
			);
			defaultConfigurationIsVisible = 0;
			defaultConfigurationName = Release;
		};
		EBAFE468253A114500BF8868 /* Build configuration list for PBXNativeTarget "LISManagerTests" */ = {
			isa = XCConfigurationList;
			buildConfigurations = (
				EBAFE469253A114500BF8868 /* Debug */,
				EBAFE46A253A114500BF8868 /* Release */,
			);
			defaultConfigurationIsVisible = 0;
			defaultConfigurationName = Release;
		};
		EBAFE46B253A114500BF8868 /* Build configuration list for PBXNativeTarget "LISManagerUITests" */ = {
			isa = XCConfigurationList;
			buildConfigurations = (
				EBAFE46C253A114500BF8868 /* Debug */,
				EBAFE46D253A114500BF8868 /* Release */,
			);
			defaultConfigurationIsVisible = 0;
			defaultConfigurationName = Release;
		};
/* End XCConfigurationList section */

/* Begin XCVersionGroup section */
		EB71A1C6253E73CD0079F73A /* LISKit.xcdatamodeld */ = {
			isa = XCVersionGroup;
			children = (
				EB71A1C7253E73CD0079F73A /* LISKit.xcdatamodel */,
			);
			currentVersion = EB71A1C7253E73CD0079F73A /* LISKit.xcdatamodel */;
			path = LISKit.xcdatamodeld;
			sourceTree = "<group>";
			versionGroupType = wrapper.xcdatamodel;
		};
		EBAFE441253A114200BF8868 /* LISManager.xcdatamodeld */ = {
			isa = XCVersionGroup;
			children = (
				EBAFE442253A114200BF8868 /* LISManager.xcdatamodel */,
			);
			currentVersion = EBAFE442253A114200BF8868 /* LISManager.xcdatamodel */;
			path = LISManager.xcdatamodeld;
			sourceTree = "<group>";
			versionGroupType = wrapper.xcdatamodel;
		};
/* End XCVersionGroup section */
	};
	rootObject = EBAFE430253A114200BF8868 /* Project object */;
}
